// !$*UTF8*$!
{
	archiveVersion = 1;
	classes = {
	};
	objectVersion = 56;
	objects = {

/* Begin PBXBuildFile section */
		9213884A2C452FC80025F2E0 /* Colors.xcassets in Resources */ = {isa = PBXBuildFile; fileRef = 921388492C452FC80025F2E0 /* Colors.xcassets */; };
		9213884D2C4AA2750025F2E0 /* MinSec.swift in Sources */ = {isa = PBXBuildFile; fileRef = 9213884B2C4A96E70025F2E0 /* MinSec.swift */; };
		9213884F2C4AA2F90025F2E0 /* ScreenSizeStore.swift in Sources */ = {isa = PBXBuildFile; fileRef = 9213884E2C4AA2F90025F2E0 /* ScreenSizeStore.swift */; };
		921D56B22DC0A7E3008AA985 /* HomePage.swift in Sources */ = {isa = PBXBuildFile; fileRef = 921D56B12DC0A7E3008AA985 /* HomePage.swift */; };
		92347F4D2DBF80CE001C77A8 /* SelectedColorHandlingSheet.swift in Sources */ = {isa = PBXBuildFile; fileRef = 92347F4C2DBF80CE001C77A8 /* SelectedColorHandlingSheet.swift */; };
		92347F4F2DBF80F0001C77A8 /* AlertObjectable.swift in Sources */ = {isa = PBXBuildFile; fileRef = 92347F4E2DBF80F0001C77A8 /* AlertObjectable.swift */; };
		92347F562DBF8462001C77A8 /* FiveColorsPage.swift in Sources */ = {isa = PBXBuildFile; fileRef = 92347F552DBF8462001C77A8 /* FiveColorsPage.swift */; };
		92347F582DBF8476001C77A8 /* PageObjectable.swift in Sources */ = {isa = PBXBuildFile; fileRef = 92347F572DBF8476001C77A8 /* PageObjectable.swift */; };
		924275D72D574F45001D5940 /* VolumeSettingUITests.swift in Sources */ = {isa = PBXBuildFile; fileRef = 924275D62D574F45001D5940 /* VolumeSettingUITests.swift */; };
		924463202D97D08E00F562B2 /* FiveColorsUITests.swift in Sources */ = {isa = PBXBuildFile; fileRef = 9244631F2D97D08E00F562B2 /* FiveColorsUITests.swift */; };
		924463222D97D6A800F562B2 /* FiveColorButton.swift in Sources */ = {isa = PBXBuildFile; fileRef = 924463212D97D6A800F562B2 /* FiveColorButton.swift */; };
		924463242D97D71500F562B2 /* 5colors in Resources */ = {isa = PBXBuildFile; fileRef = 924463232D97D71500F562B2 /* 5colors */; };
		9249513A2DBF871B0097D675 /* FiveColors.swift in Sources */ = {isa = PBXBuildFile; fileRef = 924951392DBF871B0097D675 /* FiveColors.swift */; };
		925648B92D2BC24B00688D8B /* InterPoemDurationSetting.swift in Sources */ = {isa = PBXBuildFile; fileRef = 925648B72D2BC24B00688D8B /* InterPoemDurationSetting.swift */; };
		925648BA2D2BC24B00688D8B /* KamiShimoDurationSetting.swift in Sources */ = {isa = PBXBuildFile; fileRef = 925648B82D2BC24B00688D8B /* KamiShimoDurationSetting.swift */; };
		925648BD2D2BC27E00688D8B /* DurationSettingViewModel 2.swift in Sources */ = {isa = PBXBuildFile; fileRef = 925648BC2D2BC27E00688D8B /* DurationSettingViewModel 2.swift */; };
		925648BE2D2BC27E00688D8B /* ReciteSettingAudioHandler 2.swift in Sources */ = {isa = PBXBuildFile; fileRef = 925648BB2D2BC27E00688D8B /* ReciteSettingAudioHandler 2.swift */; };
		925648C12D2BC32700688D8B /* DurationSettingType.swift in Sources */ = {isa = PBXBuildFile; fileRef = 925648C02D2BC32700688D8B /* DurationSettingType.swift */; };
		925648C32D2BC3F100688D8B /* SingerFetching.swift in Sources */ = {isa = PBXBuildFile; fileRef = 925648C22D2BC3F100688D8B /* SingerFetching.swift */; };
		925648C52D2BC63300688D8B /* Singers.json in Resources */ = {isa = PBXBuildFile; fileRef = 925648C42D2BC63300688D8B /* Singers.json */; };
		925648C82D2BC84200688D8B /* DurationSettingViewModelTests.swift in Sources */ = {isa = PBXBuildFile; fileRef = 925648C62D2BC84200688D8B /* DurationSettingViewModelTests.swift */; };
		925648C92D2BC84200688D8B /* ReciteSettingAudioHandlerTests.swift in Sources */ = {isa = PBXBuildFile; fileRef = 925648C72D2BC84200688D8B /* ReciteSettingAudioHandlerTests.swift */; };
		925648CC2D2BC86E00688D8B /* DurationSettingViewModel+Fixtures.swift in Sources */ = {isa = PBXBuildFile; fileRef = 925648CA2D2BC86E00688D8B /* DurationSettingViewModel+Fixtures.swift */; };
		925648D02D2BD1D600688D8B /* KamiShimoDurationSettingUITests.swift in Sources */ = {isa = PBXBuildFile; fileRef = 925648CF2D2BD1D600688D8B /* KamiShimoDurationSettingUITests.swift */; };
		925648D52D32518200688D8B /* DurationSetting.swift in Sources */ = {isa = PBXBuildFile; fileRef = 925648D42D32518200688D8B /* DurationSetting.swift */; };
		925648E12D3BA52B00688D8B /* VolumeSettingViewModel.swift in Sources */ = {isa = PBXBuildFile; fileRef = 925648E02D3BA52300688D8B /* VolumeSettingViewModel.swift */; };
		925648E32D3BA58200688D8B /* VolumeSettingViewModelTests.swift in Sources */ = {isa = PBXBuildFile; fileRef = 925648E22D3BA58200688D8B /* VolumeSettingViewModelTests.swift */; };
		92656EDC2DBC7238006E04DC /* FiveColorButtonViewModelTests.swift in Sources */ = {isa = PBXBuildFile; fileRef = 92656EDB2DBC7238006E04DC /* FiveColorButtonViewModelTests.swift */; };
		92656EDE2DBC739F006E04DC /* FiveColorButtonViewModel.swift in Sources */ = {isa = PBXBuildFile; fileRef = 92656EDD2DBC739F006E04DC /* FiveColorButtonViewModel.swift */; };
		926D781F2DCE1D11003844B0 /* FirstCharTests.swift in Sources */ = {isa = PBXBuildFile; fileRef = 926D781E2DCE1D11003844B0 /* FirstCharTests.swift */; };
		926D78212DCE1DDE003844B0 /* FirstChar.swift in Sources */ = {isa = PBXBuildFile; fileRef = 926D78202DCE1DD0003844B0 /* FirstChar.swift */; };
		926DD6522C6CAF4500516674 /* ReciteViewButtonStyle.swift in Sources */ = {isa = PBXBuildFile; fileRef = 926DD6512C6CAF4500516674 /* ReciteViewButtonStyle.swift */; };
		928FEB812BF77C01001E28E2 /* TrialButtonAnimationApp.swift in Sources */ = {isa = PBXBuildFile; fileRef = 928FEB802BF77C01001E28E2 /* TrialButtonAnimationApp.swift */; };
		928FEB832BF77C01001E28E2 /* ContentView.swift in Sources */ = {isa = PBXBuildFile; fileRef = 928FEB822BF77C01001E28E2 /* ContentView.swift */; };
		928FEB852BF77C02001E28E2 /* Assets.xcassets in Resources */ = {isa = PBXBuildFile; fileRef = 928FEB842BF77C02001E28E2 /* Assets.xcassets */; };
		928FEB882BF77C02001E28E2 /* Preview Assets.xcassets in Resources */ = {isa = PBXBuildFile; fileRef = 928FEB872BF77C02001E28E2 /* Preview Assets.xcassets */; };
		92967FB42C85C92800493989 /* InterPoemDurationSettingUITests.swift in Sources */ = {isa = PBXBuildFile; fileRef = 92967FB32C85C92800493989 /* InterPoemDurationSettingUITests.swift */; };
		92967FB72C85CB7B00493989 /* WaitInUITest.swift in Sources */ = {isa = PBXBuildFile; fileRef = 92967FB62C85CB7B00493989 /* WaitInUITest.swift */; };
		92967FCD2C8D359300493989 /* SelectedState100.swift in Sources */ = {isa = PBXBuildFile; fileRef = 92967FBD2C8D359200493989 /* SelectedState100.swift */; };
		92967FCE2C8D359300493989 /* GameConfig.swift in Sources */ = {isa = PBXBuildFile; fileRef = 92967FBE2C8D359200493989 /* GameConfig.swift */; };
		92967FCF2C8D359300493989 /* StandardColor.swift in Sources */ = {isa = PBXBuildFile; fileRef = 92967FBF2C8D359200493989 /* StandardColor.swift */; };
		92967FD02C8D359300493989 /* FiveColors.swift in Sources */ = {isa = PBXBuildFile; fileRef = 92967FC02C8D359200493989 /* FiveColors.swift */; };
		92967FD12C8D359300493989 /* Settings.swift in Sources */ = {isa = PBXBuildFile; fileRef = 92967FC12C8D359200493989 /* Settings.swift */; };
		92967FD22C8D359300493989 /* RecitingConfig.swift in Sources */ = {isa = PBXBuildFile; fileRef = 92967FC22C8D359200493989 /* RecitingConfig.swift */; };
		92967FD32C8D359300493989 /* Poem.swift in Sources */ = {isa = PBXBuildFile; fileRef = 92967FC32C8D359200493989 /* Poem.swift */; };
		92967FD42C8D359300493989 /* StoreManager.swift in Sources */ = {isa = PBXBuildFile; fileRef = 92967FC42C8D359300493989 /* StoreManager.swift */; };
		92967FD52C8D359300493989 /* PoemsSelectesState.swift in Sources */ = {isa = PBXBuildFile; fileRef = 92967FC52C8D359300493989 /* PoemsSelectesState.swift */; };
		92967FD62C8D359300493989 /* PoemSupplier.swift in Sources */ = {isa = PBXBuildFile; fileRef = 92967FC62C8D359300493989 /* PoemSupplier.swift */; };
		92967FD72C8D359300493989 /* Singer.swift in Sources */ = {isa = PBXBuildFile; fileRef = 92967FC72C8D359300493989 /* Singer.swift */; };
		92967FD82C8D359300493989 /* NgramDataFactory.swift in Sources */ = {isa = PBXBuildFile; fileRef = 92967FC82C8D359300493989 /* NgramDataFactory.swift */; };
		92967FD92C8D359300493989 /* Bool100.swift in Sources */ = {isa = PBXBuildFile; fileRef = 92967FC92C8D359300493989 /* Bool100.swift */; };
		92967FDA2C8D359300493989 /* DigitsNumberFactory.swift in Sources */ = {isa = PBXBuildFile; fileRef = 92967FCA2C8D359300493989 /* DigitsNumberFactory.swift */; };
		92967FDB2C8D359300493989 /* SavedFudaSet.swift in Sources */ = {isa = PBXBuildFile; fileRef = 92967FCB2C8D359300493989 /* SavedFudaSet.swift */; };
		92967FDC2C8D359300493989 /* Poem100.swift in Sources */ = {isa = PBXBuildFile; fileRef = 92967FCC2C8D359300493989 /* Poem100.swift */; };
		92967FE32C8D366A00493989 /* UIColorExtention.swift in Sources */ = {isa = PBXBuildFile; fileRef = 92967FDE2C8D366A00493989 /* UIColorExtention.swift */; };
		92967FE42C8D366A00493989 /* Array+Diff.swift in Sources */ = {isa = PBXBuildFile; fileRef = 92967FDF2C8D366A00493989 /* Array+Diff.swift */; };
		92967FE52C8D366A00493989 /* UIFontExtension.swift in Sources */ = {isa = PBXBuildFile; fileRef = 92967FE02C8D366A00493989 /* UIFontExtension.swift */; };
		92967FE62C8D366A00493989 /* Array+Shuffled.swift in Sources */ = {isa = PBXBuildFile; fileRef = 92967FE12C8D366A00493989 /* Array+Shuffled.swift */; };
		92967FE72C8D366A00493989 /* String-extension.swift in Sources */ = {isa = PBXBuildFile; fileRef = 92967FE22C8D366A00493989 /* String-extension.swift */; };
		92967FE92C8D372B00493989 /* SHEnvironment.swift in Sources */ = {isa = PBXBuildFile; fileRef = 92967FE82C8D372B00493989 /* SHEnvironment.swift */; };
		92967FEF2C8D403100493989 /* MenuItem.swift in Sources */ = {isa = PBXBuildFile; fileRef = 92967FEE2C8D403100493989 /* MenuItem.swift */; };
		92967FF12C8D484B00493989 /* MenuRow.swift in Sources */ = {isa = PBXBuildFile; fileRef = 92967FF02C8D484B00493989 /* MenuRow.swift */; };
		92967FF32C8D48FF00493989 /* MenuRowViewModelTests.swift in Sources */ = {isa = PBXBuildFile; fileRef = 92967FF22C8D48FF00493989 /* MenuRowViewModelTests.swift */; };
		92967FF52C8D49A900493989 /* MenuRow.ViewModel.swift in Sources */ = {isa = PBXBuildFile; fileRef = 92967FF42C8D49A900493989 /* MenuRow.ViewModel.swift */; };
		92967FF72C8D8C1300493989 /* MenuSection.swift in Sources */ = {isa = PBXBuildFile; fileRef = 92967FF62C8D8C1300493989 /* MenuSection.swift */; };
		92967FFB2C8D91D800493989 /* MenuList.swift in Sources */ = {isa = PBXBuildFile; fileRef = 92967FFA2C8D91D800493989 /* MenuList.swift */; };
		9296800D2C97FB3E00493989 /* LaunchPageUITests.swift in Sources */ = {isa = PBXBuildFile; fileRef = 9296800C2C97FB3E00493989 /* LaunchPageUITests.swift */; };
		929DB8722CD5F5C700609B7B /* ViewModelObject.swift in Sources */ = {isa = PBXBuildFile; fileRef = 929DB8712CD5F5C000609B7B /* ViewModelObject.swift */; };
		929DB8742CD60C2B00609B7B /* BindableObject.swift in Sources */ = {isa = PBXBuildFile; fileRef = 929DB8732CD60C2600609B7B /* BindableObject.swift */; };
		929DB8B82CDEF98300609B7B /* MemorizeTimerViewModel.swift in Sources */ = {isa = PBXBuildFile; fileRef = 929DB8B72CDEF95700609B7B /* MemorizeTimerViewModel.swift */; };
		929DB8BC2CDF49F200609B7B /* Sec2FViewModelTests_toreta.swift in Sources */ = {isa = PBXBuildFile; fileRef = 929DB8BB2CDF49F200609B7B /* Sec2FViewModelTests_toreta.swift */; };
		929DB8BE2CDF4AB000609B7B /* Sec2FViewModel.swift in Sources */ = {isa = PBXBuildFile; fileRef = 929DB8BD2CDF4AA100609B7B /* Sec2FViewModel.swift */; };
		92A9B53B2C4E6FB300BEF03B /* RecitePlayButton.swift in Sources */ = {isa = PBXBuildFile; fileRef = 92A9B53A2C4E6FB300BEF03B /* RecitePlayButton.swift */; };
		92A9B53F2C4FC39B00BEF03B /* RecitePlayButtonViewModelTests.swift in Sources */ = {isa = PBXBuildFile; fileRef = 92A9B53E2C4FC39B00BEF03B /* RecitePlayButtonViewModelTests.swift */; };
		92A9B5412C4FC4BC00BEF03B /* RecitePlayButton.ViewModel.swift in Sources */ = {isa = PBXBuildFile; fileRef = 92A9B5402C4FC4BC00BEF03B /* RecitePlayButton.ViewModel.swift */; };
		92A9B5452C53BE4900BEF03B /* CountDownTimer.swift in Sources */ = {isa = PBXBuildFile; fileRef = 92A9B5442C53BE4900BEF03B /* CountDownTimer.swift */; };
		92A9B5472C53C0AF00BEF03B /* CountDownTimerTests.swift in Sources */ = {isa = PBXBuildFile; fileRef = 92A9B5462C53C0AF00BEF03B /* CountDownTimerTests.swift */; };
		92A9B5492C54872C00BEF03B /* MinSecViewModelTests.swift in Sources */ = {isa = PBXBuildFile; fileRef = 92A9B5482C54872C00BEF03B /* MinSecViewModelTests.swift */; };
		92A9B54B2C5487EA00BEF03B /* MinSec.ViewModel.swift in Sources */ = {isa = PBXBuildFile; fileRef = 92A9B54A2C5487EA00BEF03B /* MinSec.ViewModel.swift */; };
		92A9B54D2C54D90200BEF03B /* MemorizeTimer.swift in Sources */ = {isa = PBXBuildFile; fileRef = 92A9B54C2C54D90200BEF03B /* MemorizeTimer.swift */; };
		92A9B54F2C54DB3A00BEF03B /* MemorizeTimerViewModelTests.swift in Sources */ = {isa = PBXBuildFile; fileRef = 92A9B54E2C54DB3A00BEF03B /* MemorizeTimerViewModelTests.swift */; };
		92A9B5512C54DC4F00BEF03B /* MemorizeTimer.ViewModel.swift in Sources */ = {isa = PBXBuildFile; fileRef = 92A9B5502C54DC4F00BEF03B /* MemorizeTimer.ViewModel.swift */; };
		92C0DA182C660DC1004C8966 /* AudioPlayerFactory.swift in Sources */ = {isa = PBXBuildFile; fileRef = 92C0DA172C660DC1004C8966 /* AudioPlayerFactory.swift */; };
		92C0DA292C6629EF004C8966 /* audio in Resources */ = {isa = PBXBuildFile; fileRef = 92C0DA282C6629EF004C8966 /* audio */; };
		92C0DA312C674971004C8966 /* TrialButtonAnimationUITests.swift in Sources */ = {isa = PBXBuildFile; fileRef = 92C0DA302C674971004C8966 /* TrialButtonAnimationUITests.swift */; };
		92CD114E2D44D9BC007788D2 /* VolumeSetting.swift in Sources */ = {isa = PBXBuildFile; fileRef = 92CD114D2D44D9BC007788D2 /* VolumeSetting.swift */; };
		92CD11602D4A22A7007788D2 /* VolumeSettingViewModelFixture.swift in Sources */ = {isa = PBXBuildFile; fileRef = 92CD115F2D4A22A1007788D2 /* VolumeSettingViewModelFixture.swift */; };
		92D934132C42131900E3B9E5 /* CircleView.swift in Sources */ = {isa = PBXBuildFile; fileRef = 92D934122C42131900E3B9E5 /* CircleView.swift */; };
		92D934152C42A7B800E3B9E5 /* ReciteViewGeneralButton.swift in Sources */ = {isa = PBXBuildFile; fileRef = 92D934142C42A7B800E3B9E5 /* ReciteViewGeneralButton.swift */; };
		92DC382A2D9BE7FF000AEBF8 /* FiveColorsView.swift in Sources */ = {isa = PBXBuildFile; fileRef = 92DC38292D9BE7FF000AEBF8 /* FiveColorsView.swift */; };
		92FA42512DB3A621004BE2C1 /* FiveColorsViewModel.swift in Sources */ = {isa = PBXBuildFile; fileRef = 92FA42502DB3A610004BE2C1 /* FiveColorsViewModel.swift */; };
		92FA42532DB3A781004BE2C1 /* FiveColorsViewModel.swift in Sources */ = {isa = PBXBuildFile; fileRef = 92FA42522DB3A779004BE2C1 /* FiveColorsViewModel.swift */; };
		92FA42552DB47B7D004BE2C1 /* FillType.swift in Sources */ = {isa = PBXBuildFile; fileRef = 92FA42542DB47B71004BE2C1 /* FillType.swift */; };
		92FA42572DB4AB01004BE2C1 /* FillTypeHandlable.swift in Sources */ = {isa = PBXBuildFile; fileRef = 92FA42562DB4AAF3004BE2C1 /* FillTypeHandlable.swift */; };
		92FA42592DB4DE1B004BE2C1 /* BadgeView.swift in Sources */ = {isa = PBXBuildFile; fileRef = 92FA42582DB4DE1B004BE2C1 /* BadgeView.swift */; };
		92FA425C2DB4E3D3004BE2C1 /* BadgeTestView.swift in Sources */ = {isa = PBXBuildFile; fileRef = 92FA425B2DB4E3D3004BE2C1 /* BadgeTestView.swift */; };
		92FDCC212C7497DF00B77262 /* Sec2F.swift in Sources */ = {isa = PBXBuildFile; fileRef = 92FDCC202C7497DF00B77262 /* Sec2F.swift */; };
/* End PBXBuildFile section */

/* Begin PBXContainerItemProxy section */
		928FEB8E2BF77C02001E28E2 /* PBXContainerItemProxy */ = {
			isa = PBXContainerItemProxy;
			containerPortal = 928FEB752BF77C01001E28E2 /* Project object */;
			proxyType = 1;
			remoteGlobalIDString = 928FEB7C2BF77C01001E28E2;
			remoteInfo = TrialButtonAnimation;
		};
		92C0DA342C674971004C8966 /* PBXContainerItemProxy */ = {
			isa = PBXContainerItemProxy;
			containerPortal = 928FEB752BF77C01001E28E2 /* Project object */;
			proxyType = 1;
			remoteGlobalIDString = 928FEB7C2BF77C01001E28E2;
			remoteInfo = TrialButtonAnimation;
		};
/* End PBXContainerItemProxy section */

/* Begin PBXFileReference section */
		921388492C452FC80025F2E0 /* Colors.xcassets */ = {isa = PBXFileReference; lastKnownFileType = folder.assetcatalog; path = Colors.xcassets; sourceTree = "<group>"; };
		9213884B2C4A96E70025F2E0 /* MinSec.swift */ = {isa = PBXFileReference; lastKnownFileType = sourcecode.swift; path = MinSec.swift; sourceTree = "<group>"; };
		9213884E2C4AA2F90025F2E0 /* ScreenSizeStore.swift */ = {isa = PBXFileReference; lastKnownFileType = sourcecode.swift; path = ScreenSizeStore.swift; sourceTree = "<group>"; };
		921D56B12DC0A7E3008AA985 /* HomePage.swift */ = {isa = PBXFileReference; lastKnownFileType = sourcecode.swift; path = HomePage.swift; sourceTree = "<group>"; };
		92347F4C2DBF80CE001C77A8 /* SelectedColorHandlingSheet.swift */ = {isa = PBXFileReference; lastKnownFileType = sourcecode.swift; path = SelectedColorHandlingSheet.swift; sourceTree = "<group>"; };
		92347F4E2DBF80F0001C77A8 /* AlertObjectable.swift */ = {isa = PBXFileReference; lastKnownFileType = sourcecode.swift; path = AlertObjectable.swift; sourceTree = "<group>"; };
		92347F552DBF8462001C77A8 /* FiveColorsPage.swift */ = {isa = PBXFileReference; lastKnownFileType = sourcecode.swift; path = FiveColorsPage.swift; sourceTree = "<group>"; };
		92347F572DBF8476001C77A8 /* PageObjectable.swift */ = {isa = PBXFileReference; lastKnownFileType = sourcecode.swift; path = PageObjectable.swift; sourceTree = "<group>"; };
		924275D62D574F45001D5940 /* VolumeSettingUITests.swift */ = {isa = PBXFileReference; lastKnownFileType = sourcecode.swift; path = VolumeSettingUITests.swift; sourceTree = "<group>"; };
		9244631F2D97D08E00F562B2 /* FiveColorsUITests.swift */ = {isa = PBXFileReference; lastKnownFileType = sourcecode.swift; path = FiveColorsUITests.swift; sourceTree = "<group>"; };
		924463212D97D6A800F562B2 /* FiveColorButton.swift */ = {isa = PBXFileReference; lastKnownFileType = sourcecode.swift; path = FiveColorButton.swift; sourceTree = "<group>"; };
		924463232D97D71500F562B2 /* 5colors */ = {isa = PBXFileReference; lastKnownFileType = folder; path = 5colors; sourceTree = "<group>"; };
		924951392DBF871B0097D675 /* FiveColors.swift */ = {isa = PBXFileReference; lastKnownFileType = sourcecode.swift; path = FiveColors.swift; sourceTree = "<group>"; };
		925648B72D2BC24B00688D8B /* InterPoemDurationSetting.swift */ = {isa = PBXFileReference; lastKnownFileType = sourcecode.swift; path = InterPoemDurationSetting.swift; sourceTree = "<group>"; };
		925648B82D2BC24B00688D8B /* KamiShimoDurationSetting.swift */ = {isa = PBXFileReference; lastKnownFileType = sourcecode.swift; path = KamiShimoDurationSetting.swift; sourceTree = "<group>"; };
		925648BB2D2BC27E00688D8B /* ReciteSettingAudioHandler 2.swift */ = {isa = PBXFileReference; lastKnownFileType = sourcecode.swift; path = "ReciteSettingAudioHandler 2.swift"; sourceTree = "<group>"; };
		925648BC2D2BC27E00688D8B /* DurationSettingViewModel 2.swift */ = {isa = PBXFileReference; lastKnownFileType = sourcecode.swift; path = "DurationSettingViewModel 2.swift"; sourceTree = "<group>"; };
		925648C02D2BC32700688D8B /* DurationSettingType.swift */ = {isa = PBXFileReference; lastKnownFileType = sourcecode.swift; path = DurationSettingType.swift; sourceTree = "<group>"; };
		925648C22D2BC3F100688D8B /* SingerFetching.swift */ = {isa = PBXFileReference; lastKnownFileType = sourcecode.swift; path = SingerFetching.swift; sourceTree = "<group>"; };
		925648C42D2BC63300688D8B /* Singers.json */ = {isa = PBXFileReference; lastKnownFileType = text.json; path = Singers.json; sourceTree = "<group>"; };
		925648C62D2BC84200688D8B /* DurationSettingViewModelTests.swift */ = {isa = PBXFileReference; lastKnownFileType = sourcecode.swift; path = DurationSettingViewModelTests.swift; sourceTree = "<group>"; };
		925648C72D2BC84200688D8B /* ReciteSettingAudioHandlerTests.swift */ = {isa = PBXFileReference; lastKnownFileType = sourcecode.swift; path = ReciteSettingAudioHandlerTests.swift; sourceTree = "<group>"; };
		925648CA2D2BC86E00688D8B /* DurationSettingViewModel+Fixtures.swift */ = {isa = PBXFileReference; lastKnownFileType = sourcecode.swift; path = "DurationSettingViewModel+Fixtures.swift"; sourceTree = "<group>"; };
		925648CF2D2BD1D600688D8B /* KamiShimoDurationSettingUITests.swift */ = {isa = PBXFileReference; lastKnownFileType = sourcecode.swift; path = KamiShimoDurationSettingUITests.swift; sourceTree = "<group>"; };
		925648D42D32518200688D8B /* DurationSetting.swift */ = {isa = PBXFileReference; lastKnownFileType = sourcecode.swift; path = DurationSetting.swift; sourceTree = "<group>"; };
		925648E02D3BA52300688D8B /* VolumeSettingViewModel.swift */ = {isa = PBXFileReference; lastKnownFileType = sourcecode.swift; path = VolumeSettingViewModel.swift; sourceTree = "<group>"; };
		925648E22D3BA58200688D8B /* VolumeSettingViewModelTests.swift */ = {isa = PBXFileReference; lastKnownFileType = sourcecode.swift; path = VolumeSettingViewModelTests.swift; sourceTree = "<group>"; };
		92656EDB2DBC7238006E04DC /* FiveColorButtonViewModelTests.swift */ = {isa = PBXFileReference; lastKnownFileType = sourcecode.swift; path = FiveColorButtonViewModelTests.swift; sourceTree = "<group>"; };
		92656EDD2DBC739F006E04DC /* FiveColorButtonViewModel.swift */ = {isa = PBXFileReference; lastKnownFileType = sourcecode.swift; path = FiveColorButtonViewModel.swift; sourceTree = "<group>"; };
		926D781E2DCE1D11003844B0 /* FirstCharTests.swift */ = {isa = PBXFileReference; lastKnownFileType = sourcecode.swift; path = FirstCharTests.swift; sourceTree = "<group>"; };
		926D78202DCE1DD0003844B0 /* FirstChar.swift */ = {isa = PBXFileReference; lastKnownFileType = sourcecode.swift; path = FirstChar.swift; sourceTree = "<group>"; };
		926DD6512C6CAF4500516674 /* ReciteViewButtonStyle.swift */ = {isa = PBXFileReference; lastKnownFileType = sourcecode.swift; path = ReciteViewButtonStyle.swift; sourceTree = "<group>"; };
		9282CF682D67402F00516FDE /* TrialButtonAnimation.xctestplan */ = {isa = PBXFileReference; lastKnownFileType = text; path = TrialButtonAnimation.xctestplan; sourceTree = "<group>"; };
		928FEB7D2BF77C01001E28E2 /* TrialButtonAnimation.app */ = {isa = PBXFileReference; explicitFileType = wrapper.application; includeInIndex = 0; path = TrialButtonAnimation.app; sourceTree = BUILT_PRODUCTS_DIR; };
		928FEB802BF77C01001E28E2 /* TrialButtonAnimationApp.swift */ = {isa = PBXFileReference; lastKnownFileType = sourcecode.swift; path = TrialButtonAnimationApp.swift; sourceTree = "<group>"; };
		928FEB822BF77C01001E28E2 /* ContentView.swift */ = {isa = PBXFileReference; lastKnownFileType = sourcecode.swift; path = ContentView.swift; sourceTree = "<group>"; };
		928FEB842BF77C02001E28E2 /* Assets.xcassets */ = {isa = PBXFileReference; lastKnownFileType = folder.assetcatalog; path = Assets.xcassets; sourceTree = "<group>"; };
		928FEB872BF77C02001E28E2 /* Preview Assets.xcassets */ = {isa = PBXFileReference; lastKnownFileType = folder.assetcatalog; path = "Preview Assets.xcassets"; sourceTree = "<group>"; };
		928FEB8D2BF77C02001E28E2 /* TrialButtonAnimationTests.xctest */ = {isa = PBXFileReference; explicitFileType = wrapper.cfbundle; includeInIndex = 0; path = TrialButtonAnimationTests.xctest; sourceTree = BUILT_PRODUCTS_DIR; };
		92967FB32C85C92800493989 /* InterPoemDurationSettingUITests.swift */ = {isa = PBXFileReference; lastKnownFileType = sourcecode.swift; path = InterPoemDurationSettingUITests.swift; sourceTree = "<group>"; };
		92967FB62C85CB7B00493989 /* WaitInUITest.swift */ = {isa = PBXFileReference; fileEncoding = 4; lastKnownFileType = sourcecode.swift; path = WaitInUITest.swift; sourceTree = "<group>"; };
		92967FBD2C8D359200493989 /* SelectedState100.swift */ = {isa = PBXFileReference; fileEncoding = 4; lastKnownFileType = sourcecode.swift; path = SelectedState100.swift; sourceTree = "<group>"; };
		92967FBE2C8D359200493989 /* GameConfig.swift */ = {isa = PBXFileReference; fileEncoding = 4; lastKnownFileType = sourcecode.swift; path = GameConfig.swift; sourceTree = "<group>"; };
		92967FBF2C8D359200493989 /* StandardColor.swift */ = {isa = PBXFileReference; fileEncoding = 4; lastKnownFileType = sourcecode.swift; path = StandardColor.swift; sourceTree = "<group>"; };
		92967FC02C8D359200493989 /* FiveColors.swift */ = {isa = PBXFileReference; fileEncoding = 4; lastKnownFileType = sourcecode.swift; path = FiveColors.swift; sourceTree = "<group>"; };
		92967FC12C8D359200493989 /* Settings.swift */ = {isa = PBXFileReference; fileEncoding = 4; lastKnownFileType = sourcecode.swift; path = Settings.swift; sourceTree = "<group>"; };
		92967FC22C8D359200493989 /* RecitingConfig.swift */ = {isa = PBXFileReference; fileEncoding = 4; lastKnownFileType = sourcecode.swift; path = RecitingConfig.swift; sourceTree = "<group>"; };
		92967FC32C8D359200493989 /* Poem.swift */ = {isa = PBXFileReference; fileEncoding = 4; lastKnownFileType = sourcecode.swift; path = Poem.swift; sourceTree = "<group>"; };
		92967FC42C8D359300493989 /* StoreManager.swift */ = {isa = PBXFileReference; fileEncoding = 4; lastKnownFileType = sourcecode.swift; path = StoreManager.swift; sourceTree = "<group>"; };
		92967FC52C8D359300493989 /* PoemsSelectesState.swift */ = {isa = PBXFileReference; fileEncoding = 4; lastKnownFileType = sourcecode.swift; path = PoemsSelectesState.swift; sourceTree = "<group>"; };
		92967FC62C8D359300493989 /* PoemSupplier.swift */ = {isa = PBXFileReference; fileEncoding = 4; lastKnownFileType = sourcecode.swift; path = PoemSupplier.swift; sourceTree = "<group>"; };
		92967FC72C8D359300493989 /* Singer.swift */ = {isa = PBXFileReference; fileEncoding = 4; lastKnownFileType = sourcecode.swift; path = Singer.swift; sourceTree = "<group>"; };
		92967FC82C8D359300493989 /* NgramDataFactory.swift */ = {isa = PBXFileReference; fileEncoding = 4; lastKnownFileType = sourcecode.swift; path = NgramDataFactory.swift; sourceTree = "<group>"; };
		92967FC92C8D359300493989 /* Bool100.swift */ = {isa = PBXFileReference; fileEncoding = 4; lastKnownFileType = sourcecode.swift; path = Bool100.swift; sourceTree = "<group>"; };
		92967FCA2C8D359300493989 /* DigitsNumberFactory.swift */ = {isa = PBXFileReference; fileEncoding = 4; lastKnownFileType = sourcecode.swift; path = DigitsNumberFactory.swift; sourceTree = "<group>"; };
		92967FCB2C8D359300493989 /* SavedFudaSet.swift */ = {isa = PBXFileReference; fileEncoding = 4; lastKnownFileType = sourcecode.swift; path = SavedFudaSet.swift; sourceTree = "<group>"; };
		92967FCC2C8D359300493989 /* Poem100.swift */ = {isa = PBXFileReference; fileEncoding = 4; lastKnownFileType = sourcecode.swift; path = Poem100.swift; sourceTree = "<group>"; };
		92967FDE2C8D366A00493989 /* UIColorExtention.swift */ = {isa = PBXFileReference; fileEncoding = 4; lastKnownFileType = sourcecode.swift; path = UIColorExtention.swift; sourceTree = "<group>"; };
		92967FDF2C8D366A00493989 /* Array+Diff.swift */ = {isa = PBXFileReference; fileEncoding = 4; lastKnownFileType = sourcecode.swift; path = "Array+Diff.swift"; sourceTree = "<group>"; };
		92967FE02C8D366A00493989 /* UIFontExtension.swift */ = {isa = PBXFileReference; fileEncoding = 4; lastKnownFileType = sourcecode.swift; path = UIFontExtension.swift; sourceTree = "<group>"; };
		92967FE12C8D366A00493989 /* Array+Shuffled.swift */ = {isa = PBXFileReference; fileEncoding = 4; lastKnownFileType = sourcecode.swift; path = "Array+Shuffled.swift"; sourceTree = "<group>"; };
		92967FE22C8D366A00493989 /* String-extension.swift */ = {isa = PBXFileReference; fileEncoding = 4; lastKnownFileType = sourcecode.swift; path = "String-extension.swift"; sourceTree = "<group>"; };
		92967FE82C8D372B00493989 /* SHEnvironment.swift */ = {isa = PBXFileReference; fileEncoding = 4; lastKnownFileType = sourcecode.swift; path = SHEnvironment.swift; sourceTree = "<group>"; };
		92967FEE2C8D403100493989 /* MenuItem.swift */ = {isa = PBXFileReference; lastKnownFileType = sourcecode.swift; path = MenuItem.swift; sourceTree = "<group>"; };
		92967FF02C8D484B00493989 /* MenuRow.swift */ = {isa = PBXFileReference; lastKnownFileType = sourcecode.swift; path = MenuRow.swift; sourceTree = "<group>"; };
		92967FF22C8D48FF00493989 /* MenuRowViewModelTests.swift */ = {isa = PBXFileReference; lastKnownFileType = sourcecode.swift; path = MenuRowViewModelTests.swift; sourceTree = "<group>"; };
		92967FF42C8D49A900493989 /* MenuRow.ViewModel.swift */ = {isa = PBXFileReference; lastKnownFileType = sourcecode.swift; path = MenuRow.ViewModel.swift; sourceTree = "<group>"; };
		92967FF62C8D8C1300493989 /* MenuSection.swift */ = {isa = PBXFileReference; fileEncoding = 4; lastKnownFileType = sourcecode.swift; path = MenuSection.swift; sourceTree = "<group>"; };
		92967FFA2C8D91D800493989 /* MenuList.swift */ = {isa = PBXFileReference; fileEncoding = 4; lastKnownFileType = sourcecode.swift; path = MenuList.swift; sourceTree = "<group>"; };
		9296800C2C97FB3E00493989 /* LaunchPageUITests.swift */ = {isa = PBXFileReference; lastKnownFileType = sourcecode.swift; path = LaunchPageUITests.swift; sourceTree = "<group>"; };
		929A60232C98014D00D17EFD /* TrialButtonAnimation.xcodeproj */ = {isa = PBXFileReference; lastKnownFileType = "wrapper.pb-project"; path = TrialButtonAnimation.xcodeproj; sourceTree = "<group>"; };
		929DB8712CD5F5C000609B7B /* ViewModelObject.swift */ = {isa = PBXFileReference; lastKnownFileType = sourcecode.swift; path = ViewModelObject.swift; sourceTree = "<group>"; };
		929DB8732CD60C2600609B7B /* BindableObject.swift */ = {isa = PBXFileReference; lastKnownFileType = sourcecode.swift; path = BindableObject.swift; sourceTree = "<group>"; };
		929DB8B72CDEF95700609B7B /* MemorizeTimerViewModel.swift */ = {isa = PBXFileReference; lastKnownFileType = sourcecode.swift; path = MemorizeTimerViewModel.swift; sourceTree = "<group>"; };
		929DB8BB2CDF49F200609B7B /* Sec2FViewModelTests_toreta.swift */ = {isa = PBXFileReference; lastKnownFileType = sourcecode.swift; path = Sec2FViewModelTests_toreta.swift; sourceTree = "<group>"; };
		929DB8BD2CDF4AA100609B7B /* Sec2FViewModel.swift */ = {isa = PBXFileReference; lastKnownFileType = sourcecode.swift; path = Sec2FViewModel.swift; sourceTree = "<group>"; };
		92A9B53A2C4E6FB300BEF03B /* RecitePlayButton.swift */ = {isa = PBXFileReference; lastKnownFileType = sourcecode.swift; path = RecitePlayButton.swift; sourceTree = "<group>"; };
		92A9B53E2C4FC39B00BEF03B /* RecitePlayButtonViewModelTests.swift */ = {isa = PBXFileReference; lastKnownFileType = sourcecode.swift; path = RecitePlayButtonViewModelTests.swift; sourceTree = "<group>"; };
		92A9B5402C4FC4BC00BEF03B /* RecitePlayButton.ViewModel.swift */ = {isa = PBXFileReference; lastKnownFileType = sourcecode.swift; path = RecitePlayButton.ViewModel.swift; sourceTree = "<group>"; };
		92A9B5442C53BE4900BEF03B /* CountDownTimer.swift */ = {isa = PBXFileReference; lastKnownFileType = sourcecode.swift; path = CountDownTimer.swift; sourceTree = "<group>"; };
		92A9B5462C53C0AF00BEF03B /* CountDownTimerTests.swift */ = {isa = PBXFileReference; lastKnownFileType = sourcecode.swift; path = CountDownTimerTests.swift; sourceTree = "<group>"; };
		92A9B5482C54872C00BEF03B /* MinSecViewModelTests.swift */ = {isa = PBXFileReference; lastKnownFileType = sourcecode.swift; path = MinSecViewModelTests.swift; sourceTree = "<group>"; };
		92A9B54A2C5487EA00BEF03B /* MinSec.ViewModel.swift */ = {isa = PBXFileReference; lastKnownFileType = sourcecode.swift; path = MinSec.ViewModel.swift; sourceTree = "<group>"; };
		92A9B54C2C54D90200BEF03B /* MemorizeTimer.swift */ = {isa = PBXFileReference; lastKnownFileType = sourcecode.swift; path = MemorizeTimer.swift; sourceTree = "<group>"; };
		92A9B54E2C54DB3A00BEF03B /* MemorizeTimerViewModelTests.swift */ = {isa = PBXFileReference; lastKnownFileType = sourcecode.swift; path = MemorizeTimerViewModelTests.swift; sourceTree = "<group>"; };
		92A9B5502C54DC4F00BEF03B /* MemorizeTimer.ViewModel.swift */ = {isa = PBXFileReference; lastKnownFileType = sourcecode.swift; path = MemorizeTimer.ViewModel.swift; sourceTree = "<group>"; };
		92C0DA172C660DC1004C8966 /* AudioPlayerFactory.swift */ = {isa = PBXFileReference; fileEncoding = 4; lastKnownFileType = sourcecode.swift; path = AudioPlayerFactory.swift; sourceTree = "<group>"; };
		92C0DA282C6629EF004C8966 /* audio */ = {isa = PBXFileReference; lastKnownFileType = folder; path = audio; sourceTree = "<group>"; };
		92C0DA2E2C674971004C8966 /* TrialButtonAnimationUITests.xctest */ = {isa = PBXFileReference; explicitFileType = wrapper.cfbundle; includeInIndex = 0; path = TrialButtonAnimationUITests.xctest; sourceTree = BUILT_PRODUCTS_DIR; };
		92C0DA302C674971004C8966 /* TrialButtonAnimationUITests.swift */ = {isa = PBXFileReference; lastKnownFileType = sourcecode.swift; path = TrialButtonAnimationUITests.swift; sourceTree = "<group>"; };
		92CD114D2D44D9BC007788D2 /* VolumeSetting.swift */ = {isa = PBXFileReference; lastKnownFileType = sourcecode.swift; path = VolumeSetting.swift; sourceTree = "<group>"; };
		92CD115F2D4A22A1007788D2 /* VolumeSettingViewModelFixture.swift */ = {isa = PBXFileReference; lastKnownFileType = sourcecode.swift; path = VolumeSettingViewModelFixture.swift; sourceTree = "<group>"; };
		92D934122C42131900E3B9E5 /* CircleView.swift */ = {isa = PBXFileReference; lastKnownFileType = sourcecode.swift; path = CircleView.swift; sourceTree = "<group>"; };
		92D934142C42A7B800E3B9E5 /* ReciteViewGeneralButton.swift */ = {isa = PBXFileReference; lastKnownFileType = sourcecode.swift; path = ReciteViewGeneralButton.swift; sourceTree = "<group>"; };
		92DC38292D9BE7FF000AEBF8 /* FiveColorsView.swift */ = {isa = PBXFileReference; lastKnownFileType = sourcecode.swift; path = FiveColorsView.swift; sourceTree = "<group>"; };
		92FA42502DB3A610004BE2C1 /* FiveColorsViewModel.swift */ = {isa = PBXFileReference; lastKnownFileType = sourcecode.swift; path = FiveColorsViewModel.swift; sourceTree = "<group>"; };
		92FA42522DB3A779004BE2C1 /* FiveColorsViewModel.swift */ = {isa = PBXFileReference; lastKnownFileType = sourcecode.swift; path = FiveColorsViewModel.swift; sourceTree = "<group>"; };
		92FA42542DB47B71004BE2C1 /* FillType.swift */ = {isa = PBXFileReference; lastKnownFileType = sourcecode.swift; path = FillType.swift; sourceTree = "<group>"; };
		92FA42562DB4AAF3004BE2C1 /* FillTypeHandlable.swift */ = {isa = PBXFileReference; lastKnownFileType = sourcecode.swift; path = FillTypeHandlable.swift; sourceTree = "<group>"; };
		92FA42582DB4DE1B004BE2C1 /* BadgeView.swift */ = {isa = PBXFileReference; lastKnownFileType = sourcecode.swift; path = BadgeView.swift; sourceTree = "<group>"; };
		92FA425B2DB4E3D3004BE2C1 /* BadgeTestView.swift */ = {isa = PBXFileReference; lastKnownFileType = sourcecode.swift; path = BadgeTestView.swift; sourceTree = "<group>"; };
		92FDCC202C7497DF00B77262 /* Sec2F.swift */ = {isa = PBXFileReference; lastKnownFileType = sourcecode.swift; path = Sec2F.swift; sourceTree = "<group>"; };
/* End PBXFileReference section */

/* Begin PBXFrameworksBuildPhase section */
		928FEB7A2BF77C01001E28E2 /* Frameworks */ = {
			isa = PBXFrameworksBuildPhase;
			buildActionMask = 2147483647;
			files = (
			);
			runOnlyForDeploymentPostprocessing = 0;
		};
		928FEB8A2BF77C02001E28E2 /* Frameworks */ = {
			isa = PBXFrameworksBuildPhase;
			buildActionMask = 2147483647;
			files = (
			);
			runOnlyForDeploymentPostprocessing = 0;
		};
		92C0DA2B2C674971004C8966 /* Frameworks */ = {
			isa = PBXFrameworksBuildPhase;
			buildActionMask = 2147483647;
			files = (
			);
			runOnlyForDeploymentPostprocessing = 0;
		};
/* End PBXFrameworksBuildPhase section */

/* Begin PBXGroup section */
		92347F4B2DBF80AC001C77A8 /* Sheets */ = {
			isa = PBXGroup;
			children = (
				92347F4C2DBF80CE001C77A8 /* SelectedColorHandlingSheet.swift */,
				92347F4E2DBF80F0001C77A8 /* AlertObjectable.swift */,
			);
			path = Sheets;
			sourceTree = "<group>";
		};
		92347F522DBF8427001C77A8 /* pages */ = {
			isa = PBXGroup;
			children = (
				924951382DBF86F50097D675 /* enum */,
				921D56B12DC0A7E3008AA985 /* HomePage.swift */,
				92347F552DBF8462001C77A8 /* FiveColorsPage.swift */,
			);
			path = pages;
			sourceTree = "<group>";
		};
		924951382DBF86F50097D675 /* enum */ = {
			isa = PBXGroup;
			children = (
				924951392DBF871B0097D675 /* FiveColors.swift */,
			);
			path = enum;
			sourceTree = "<group>";
		};
		925648BF2D2BC2EB00688D8B /* supports */ = {
			isa = PBXGroup;
			children = (
				925648C02D2BC32700688D8B /* DurationSettingType.swift */,
			);
			path = supports;
			sourceTree = "<group>";
		};
		925648CB2D2BC86E00688D8B /* fixtures */ = {
			isa = PBXGroup;
			children = (
				92CD115F2D4A22A1007788D2 /* VolumeSettingViewModelFixture.swift */,
				925648CA2D2BC86E00688D8B /* DurationSettingViewModel+Fixtures.swift */,
			);
			path = fixtures;
			sourceTree = "<group>";
		};
		928FEB742BF77C01001E28E2 = {
			isa = PBXGroup;
			children = (
				9282CF682D67402F00516FDE /* TrialButtonAnimation.xctestplan */,
				929A60232C98014D00D17EFD /* TrialButtonAnimation.xcodeproj */,
				928FEB7F2BF77C01001E28E2 /* TrialButtonAnimation */,
				928FEB902BF77C02001E28E2 /* TrialButtonAnimationTests */,
				92C0DA2F2C674971004C8966 /* TrialButtonAnimationUITests */,
				928FEB7E2BF77C01001E28E2 /* Products */,
			);
			indentWidth = 2;
			sourceTree = "<group>";
			tabWidth = 2;
		};
		928FEB7E2BF77C01001E28E2 /* Products */ = {
			isa = PBXGroup;
			children = (
				928FEB7D2BF77C01001E28E2 /* TrialButtonAnimation.app */,
				928FEB8D2BF77C02001E28E2 /* TrialButtonAnimationTests.xctest */,
				92C0DA2E2C674971004C8966 /* TrialButtonAnimationUITests.xctest */,
			);
			name = Products;
			sourceTree = "<group>";
		};
		928FEB7F2BF77C01001E28E2 /* TrialButtonAnimation */ = {
			isa = PBXGroup;
			children = (
				92967FDD2C8D362300493989 /* extensions */,
				925648BF2D2BC2EB00688D8B /* supports */,
				92967FBC2C8C4B9400493989 /* models */,
				92967FBA2C8C4ADA00493989 /* views */,
				92967FBB2C8C4B5900493989 /* viewModels */,
				92C0DA232C662955004C8966 /* resources */,
				928FEB842BF77C02001E28E2 /* Assets.xcassets */,
				921388492C452FC80025F2E0 /* Colors.xcassets */,
				928FEB862BF77C02001E28E2 /* Preview Content */,
				928FEB802BF77C01001E28E2 /* TrialButtonAnimationApp.swift */,
				92C0DA162C660CD6004C8966 /* audio */,
			);
			path = TrialButtonAnimation;
			sourceTree = "<group>";
		};
		928FEB862BF77C02001E28E2 /* Preview Content */ = {
			isa = PBXGroup;
			children = (
				928FEB872BF77C02001E28E2 /* Preview Assets.xcassets */,
			);
			path = "Preview Content";
			sourceTree = "<group>";
		};
		928FEB902BF77C02001E28E2 /* TrialButtonAnimationTests */ = {
			isa = PBXGroup;
			children = (
				925648CB2D2BC86E00688D8B /* fixtures */,
				92967FB82C8C4A3900493989 /* models */,
				92967FB92C8C4A4500493989 /* viewModels */,
			);
			path = TrialButtonAnimationTests;
			sourceTree = "<group>";
		};
		92967FB52C85CB4D00493989 /* protocols */ = {
			isa = PBXGroup;
			children = (
				92347F572DBF8476001C77A8 /* PageObjectable.swift */,
				92967FB62C85CB7B00493989 /* WaitInUITest.swift */,
			);
			path = protocols;
			sourceTree = "<group>";
		};
		92967FB82C8C4A3900493989 /* models */ = {
			isa = PBXGroup;
			children = (
				92A9B5462C53C0AF00BEF03B /* CountDownTimerTests.swift */,
				926D781E2DCE1D11003844B0 /* FirstCharTests.swift */,
			);
			path = models;
			sourceTree = "<group>";
		};
		92967FB92C8C4A4500493989 /* viewModels */ = {
			isa = PBXGroup;
			children = (
				929DB8BA2CDF49A700609B7B /* toretaViewModels */,
				92A9B53E2C4FC39B00BEF03B /* RecitePlayButtonViewModelTests.swift */,
				92A9B5482C54872C00BEF03B /* MinSecViewModelTests.swift */,
				92A9B54E2C54DB3A00BEF03B /* MemorizeTimerViewModelTests.swift */,
				92967FF22C8D48FF00493989 /* MenuRowViewModelTests.swift */,
			);
			path = viewModels;
			sourceTree = "<group>";
		};
		92967FBA2C8C4ADA00493989 /* views */ = {
			isa = PBXGroup;
			children = (
				925648D42D32518200688D8B /* DurationSetting.swift */,
				925648B72D2BC24B00688D8B /* InterPoemDurationSetting.swift */,
				925648B82D2BC24B00688D8B /* KamiShimoDurationSetting.swift */,
				92D934122C42131900E3B9E5 /* CircleView.swift */,
				928FEB822BF77C01001E28E2 /* ContentView.swift */,
				92A9B54C2C54D90200BEF03B /* MemorizeTimer.swift */,
				92967FFA2C8D91D800493989 /* MenuList.swift */,
				92967FF02C8D484B00493989 /* MenuRow.swift */,
				9213884B2C4A96E70025F2E0 /* MinSec.swift */,
				92A9B53A2C4E6FB300BEF03B /* RecitePlayButton.swift */,
				92D934142C42A7B800E3B9E5 /* ReciteViewGeneralButton.swift */,
				926DD6512C6CAF4500516674 /* ReciteViewButtonStyle.swift */,
				92FDCC202C7497DF00B77262 /* Sec2F.swift */,
				92CD114D2D44D9BC007788D2 /* VolumeSetting.swift */,
				924463212D97D6A800F562B2 /* FiveColorButton.swift */,
				92DC38292D9BE7FF000AEBF8 /* FiveColorsView.swift */,
				92FA42582DB4DE1B004BE2C1 /* BadgeView.swift */,
				92FA425B2DB4E3D3004BE2C1 /* BadgeTestView.swift */,
			);
			path = views;
			sourceTree = "<group>";
		};
		92967FBB2C8C4B5900493989 /* viewModels */ = {
			isa = PBXGroup;
			children = (
				929DB8B92CDF494A00609B7B /* toretaViewModels */,
				92A9B54A2C5487EA00BEF03B /* MinSec.ViewModel.swift */,
				92A9B5402C4FC4BC00BEF03B /* RecitePlayButton.ViewModel.swift */,
				92A9B5502C54DC4F00BEF03B /* MemorizeTimer.ViewModel.swift */,
				92967FF42C8D49A900493989 /* MenuRow.ViewModel.swift */,
			);
			path = viewModels;
			sourceTree = "<group>";
		};
		92967FBC2C8C4B9400493989 /* models */ = {
			isa = PBXGroup;
			children = (
				92FA42562DB4AAF3004BE2C1 /* FillTypeHandlable.swift */,
				92FA42542DB47B71004BE2C1 /* FillType.swift */,
				926D78202DCE1DD0003844B0 /* FirstChar.swift */,
				92967FC92C8D359300493989 /* Bool100.swift */,
				92967FCA2C8D359300493989 /* DigitsNumberFactory.swift */,
				92967FC02C8D359200493989 /* FiveColors.swift */,
				92967FBE2C8D359200493989 /* GameConfig.swift */,
				92967FEE2C8D403100493989 /* MenuItem.swift */,
				92967FF62C8D8C1300493989 /* MenuSection.swift */,
				92967FC82C8D359300493989 /* NgramDataFactory.swift */,
				92967FC32C8D359200493989 /* Poem.swift */,
				92967FCC2C8D359300493989 /* Poem100.swift */,
				92967FC52C8D359300493989 /* PoemsSelectesState.swift */,
				92967FC62C8D359300493989 /* PoemSupplier.swift */,
				92967FC22C8D359200493989 /* RecitingConfig.swift */,
				92967FCB2C8D359300493989 /* SavedFudaSet.swift */,
				92967FBD2C8D359200493989 /* SelectedState100.swift */,
				92967FC12C8D359200493989 /* Settings.swift */,
				92967FC72C8D359300493989 /* Singer.swift */,
				925648C22D2BC3F100688D8B /* SingerFetching.swift */,
				92967FBF2C8D359200493989 /* StandardColor.swift */,
				92967FC42C8D359300493989 /* StoreManager.swift */,
				92A9B5442C53BE4900BEF03B /* CountDownTimer.swift */,
				9213884E2C4AA2F90025F2E0 /* ScreenSizeStore.swift */,
				92967FE82C8D372B00493989 /* SHEnvironment.swift */,
			);
			path = models;
			sourceTree = "<group>";
		};
		92967FDD2C8D362300493989 /* extensions */ = {
			isa = PBXGroup;
			children = (
				92967FDF2C8D366A00493989 /* Array+Diff.swift */,
				92967FE12C8D366A00493989 /* Array+Shuffled.swift */,
				92967FE22C8D366A00493989 /* String-extension.swift */,
				92967FDE2C8D366A00493989 /* UIColorExtention.swift */,
				92967FE02C8D366A00493989 /* UIFontExtension.swift */,
			);
			path = extensions;
			sourceTree = "<group>";
		};
		929A60242C98014D00D17EFD /* Products */ = {
			isa = PBXGroup;
			name = Products;
			sourceTree = "<group>";
		};
		929DB8702CD5F5AB00609B7B /* protocols */ = {
			isa = PBXGroup;
			children = (
				929DB8732CD60C2600609B7B /* BindableObject.swift */,
				929DB8712CD5F5C000609B7B /* ViewModelObject.swift */,
			);
			path = protocols;
			sourceTree = "<group>";
		};
		929DB8B92CDF494A00609B7B /* toretaViewModels */ = {
			isa = PBXGroup;
			children = (
				92656EDD2DBC739F006E04DC /* FiveColorButtonViewModel.swift */,
				92FA42522DB3A779004BE2C1 /* FiveColorsViewModel.swift */,
				925648BC2D2BC27E00688D8B /* DurationSettingViewModel 2.swift */,
				929DB8BD2CDF4AA100609B7B /* Sec2FViewModel.swift */,
				925648E02D3BA52300688D8B /* VolumeSettingViewModel.swift */,
				929DB8702CD5F5AB00609B7B /* protocols */,
				929DB8B72CDEF95700609B7B /* MemorizeTimerViewModel.swift */,
			);
			path = toretaViewModels;
			sourceTree = "<group>";
		};
		929DB8BA2CDF49A700609B7B /* toretaViewModels */ = {
			isa = PBXGroup;
			children = (
				92FA42502DB3A610004BE2C1 /* FiveColorsViewModel.swift */,
				925648C62D2BC84200688D8B /* DurationSettingViewModelTests.swift */,
				925648C72D2BC84200688D8B /* ReciteSettingAudioHandlerTests.swift */,
				929DB8BB2CDF49F200609B7B /* Sec2FViewModelTests_toreta.swift */,
				925648E22D3BA58200688D8B /* VolumeSettingViewModelTests.swift */,
				92656EDB2DBC7238006E04DC /* FiveColorButtonViewModelTests.swift */,
			);
			path = toretaViewModels;
			sourceTree = "<group>";
		};
		92C0DA162C660CD6004C8966 /* audio */ = {
			isa = PBXGroup;
			children = (
				925648BB2D2BC27E00688D8B /* ReciteSettingAudioHandler 2.swift */,
				92C0DA172C660DC1004C8966 /* AudioPlayerFactory.swift */,
			);
			path = audio;
			sourceTree = "<group>";
		};
		92C0DA232C662955004C8966 /* resources */ = {
			isa = PBXGroup;
			children = (
				924463232D97D71500F562B2 /* 5colors */,
				925648C42D2BC63300688D8B /* Singers.json */,
				92C0DA282C6629EF004C8966 /* audio */,
			);
			path = resources;
			sourceTree = "<group>";
		};
		92C0DA2F2C674971004C8966 /* TrialButtonAnimationUITests */ = {
			isa = PBXGroup;
			children = (
				92347F522DBF8427001C77A8 /* pages */,
				92347F4B2DBF80AC001C77A8 /* Sheets */,
				92967FB52C85CB4D00493989 /* protocols */,
				92C0DA302C674971004C8966 /* TrialButtonAnimationUITests.swift */,
				92967FB32C85C92800493989 /* InterPoemDurationSettingUITests.swift */,
				9296800C2C97FB3E00493989 /* LaunchPageUITests.swift */,
				925648CF2D2BD1D600688D8B /* KamiShimoDurationSettingUITests.swift */,
				924275D62D574F45001D5940 /* VolumeSettingUITests.swift */,
				9244631F2D97D08E00F562B2 /* FiveColorsUITests.swift */,
			);
			path = TrialButtonAnimationUITests;
			sourceTree = "<group>";
		};
/* End PBXGroup section */

/* Begin PBXNativeTarget section */
		928FEB7C2BF77C01001E28E2 /* TrialButtonAnimation */ = {
			isa = PBXNativeTarget;
			buildConfigurationList = 928FEBA12BF77C02001E28E2 /* Build configuration list for PBXNativeTarget "TrialButtonAnimation" */;
			buildPhases = (
				928FEB792BF77C01001E28E2 /* Sources */,
				928FEB7A2BF77C01001E28E2 /* Frameworks */,
				928FEB7B2BF77C01001E28E2 /* Resources */,
			);
			buildRules = (
			);
			dependencies = (
			);
			name = TrialButtonAnimation;
			productName = TrialButtonAnimation;
			productReference = 928FEB7D2BF77C01001E28E2 /* TrialButtonAnimation.app */;
			productType = "com.apple.product-type.application";
		};
		928FEB8C2BF77C02001E28E2 /* TrialButtonAnimationTests */ = {
			isa = PBXNativeTarget;
			buildConfigurationList = 928FEBA42BF77C02001E28E2 /* Build configuration list for PBXNativeTarget "TrialButtonAnimationTests" */;
			buildPhases = (
				928FEB892BF77C02001E28E2 /* Sources */,
				928FEB8A2BF77C02001E28E2 /* Frameworks */,
				928FEB8B2BF77C02001E28E2 /* Resources */,
			);
			buildRules = (
			);
			dependencies = (
				928FEB8F2BF77C02001E28E2 /* PBXTargetDependency */,
			);
			name = TrialButtonAnimationTests;
			productName = TrialButtonAnimationTests;
			productReference = 928FEB8D2BF77C02001E28E2 /* TrialButtonAnimationTests.xctest */;
			productType = "com.apple.product-type.bundle.unit-test";
		};
		92C0DA2D2C674971004C8966 /* TrialButtonAnimationUITests */ = {
			isa = PBXNativeTarget;
			buildConfigurationList = 92C0DA382C674971004C8966 /* Build configuration list for PBXNativeTarget "TrialButtonAnimationUITests" */;
			buildPhases = (
				92C0DA2A2C674971004C8966 /* Sources */,
				92C0DA2B2C674971004C8966 /* Frameworks */,
				92C0DA2C2C674971004C8966 /* Resources */,
			);
			buildRules = (
			);
			dependencies = (
				92C0DA352C674971004C8966 /* PBXTargetDependency */,
			);
			name = TrialButtonAnimationUITests;
			productName = TrialButtonAnimationUITests;
			productReference = 92C0DA2E2C674971004C8966 /* TrialButtonAnimationUITests.xctest */;
			productType = "com.apple.product-type.bundle.ui-testing";
		};
/* End PBXNativeTarget section */

/* Begin PBXProject section */
		928FEB752BF77C01001E28E2 /* Project object */ = {
			isa = PBXProject;
			attributes = {
				BuildIndependentTargetsInParallel = 1;
				LastSwiftUpdateCheck = 1540;
				LastUpgradeCheck = 1540;
				TargetAttributes = {
					928FEB7C2BF77C01001E28E2 = {
						CreatedOnToolsVersion = 15.4;
					};
					928FEB8C2BF77C02001E28E2 = {
						CreatedOnToolsVersion = 15.4;
						LastSwiftMigration = 1540;
						TestTargetID = 928FEB7C2BF77C01001E28E2;
					};
					92C0DA2D2C674971004C8966 = {
						CreatedOnToolsVersion = 15.4;
						TestTargetID = 928FEB7C2BF77C01001E28E2;
					};
				};
			};
			buildConfigurationList = 928FEB782BF77C01001E28E2 /* Build configuration list for PBXProject "TrialButtonAnimation" */;
			compatibilityVersion = "Xcode 14.0";
			developmentRegion = en;
			hasScannedForEncodings = 0;
			knownRegions = (
				en,
				Base,
			);
			mainGroup = 928FEB742BF77C01001E28E2;
			productRefGroup = 928FEB7E2BF77C01001E28E2 /* Products */;
			projectDirPath = "";
			projectReferences = (
				{
					ProductGroup = 929A60242C98014D00D17EFD /* Products */;
					ProjectRef = 929A60232C98014D00D17EFD /* TrialButtonAnimation.xcodeproj */;
				},
			);
			projectRoot = "";
			targets = (
				928FEB7C2BF77C01001E28E2 /* TrialButtonAnimation */,
				928FEB8C2BF77C02001E28E2 /* TrialButtonAnimationTests */,
				92C0DA2D2C674971004C8966 /* TrialButtonAnimationUITests */,
			);
		};
/* End PBXProject section */

/* Begin PBXResourcesBuildPhase section */
		928FEB7B2BF77C01001E28E2 /* Resources */ = {
			isa = PBXResourcesBuildPhase;
			buildActionMask = 2147483647;
			files = (
				924463242D97D71500F562B2 /* 5colors in Resources */,
				9213884A2C452FC80025F2E0 /* Colors.xcassets in Resources */,
				928FEB882BF77C02001E28E2 /* Preview Assets.xcassets in Resources */,
				925648C52D2BC63300688D8B /* Singers.json in Resources */,
				928FEB852BF77C02001E28E2 /* Assets.xcassets in Resources */,
				92C0DA292C6629EF004C8966 /* audio in Resources */,
			);
			runOnlyForDeploymentPostprocessing = 0;
		};
		928FEB8B2BF77C02001E28E2 /* Resources */ = {
			isa = PBXResourcesBuildPhase;
			buildActionMask = 2147483647;
			files = (
			);
			runOnlyForDeploymentPostprocessing = 0;
		};
		92C0DA2C2C674971004C8966 /* Resources */ = {
			isa = PBXResourcesBuildPhase;
			buildActionMask = 2147483647;
			files = (
			);
			runOnlyForDeploymentPostprocessing = 0;
		};
/* End PBXResourcesBuildPhase section */

/* Begin PBXSourcesBuildPhase section */
		928FEB792BF77C01001E28E2 /* Sources */ = {
			isa = PBXSourcesBuildPhase;
			buildActionMask = 2147483647;
			files = (
				9213884D2C4AA2750025F2E0 /* MinSec.swift in Sources */,
				92967FD42C8D359300493989 /* StoreManager.swift in Sources */,
				92967FE62C8D366A00493989 /* Array+Shuffled.swift in Sources */,
				929DB8722CD5F5C700609B7B /* ViewModelObject.swift in Sources */,
				92967FD92C8D359300493989 /* Bool100.swift in Sources */,
				92FA425C2DB4E3D3004BE2C1 /* BadgeTestView.swift in Sources */,
				92967FCE2C8D359300493989 /* GameConfig.swift in Sources */,
				92967FF12C8D484B00493989 /* MenuRow.swift in Sources */,
				92D934132C42131900E3B9E5 /* CircleView.swift in Sources */,
				92A9B54B2C5487EA00BEF03B /* MinSec.ViewModel.swift in Sources */,
				92656EDE2DBC739F006E04DC /* FiveColorButtonViewModel.swift in Sources */,
				92967FD22C8D359300493989 /* RecitingConfig.swift in Sources */,
				92967FFB2C8D91D800493989 /* MenuList.swift in Sources */,
				92967FE42C8D366A00493989 /* Array+Diff.swift in Sources */,
				92CD114E2D44D9BC007788D2 /* VolumeSetting.swift in Sources */,
				92967FCD2C8D359300493989 /* SelectedState100.swift in Sources */,
				92967FD62C8D359300493989 /* PoemSupplier.swift in Sources */,
				925648D52D32518200688D8B /* DurationSetting.swift in Sources */,
				92967FDB2C8D359300493989 /* SavedFudaSet.swift in Sources */,
				92C0DA182C660DC1004C8966 /* AudioPlayerFactory.swift in Sources */,
				92967FD02C8D359300493989 /* FiveColors.swift in Sources */,
				92967FD72C8D359300493989 /* Singer.swift in Sources */,
				92967FE92C8D372B00493989 /* SHEnvironment.swift in Sources */,
				929DB8BE2CDF4AB000609B7B /* Sec2FViewModel.swift in Sources */,
				925648C32D2BC3F100688D8B /* SingerFetching.swift in Sources */,
				92A9B5512C54DC4F00BEF03B /* MemorizeTimer.ViewModel.swift in Sources */,
				92967FD12C8D359300493989 /* Settings.swift in Sources */,
				928FEB832BF77C01001E28E2 /* ContentView.swift in Sources */,
				92967FF52C8D49A900493989 /* MenuRow.ViewModel.swift in Sources */,
				926DD6522C6CAF4500516674 /* ReciteViewButtonStyle.swift in Sources */,
				92D934152C42A7B800E3B9E5 /* ReciteViewGeneralButton.swift in Sources */,
				9213884F2C4AA2F90025F2E0 /* ScreenSizeStore.swift in Sources */,
				928FEB812BF77C01001E28E2 /* TrialButtonAnimationApp.swift in Sources */,
				92FA42532DB3A781004BE2C1 /* FiveColorsViewModel.swift in Sources */,
				929DB8742CD60C2B00609B7B /* BindableObject.swift in Sources */,
				92967FEF2C8D403100493989 /* MenuItem.swift in Sources */,
				92A9B54D2C54D90200BEF03B /* MemorizeTimer.swift in Sources */,
				924463222D97D6A800F562B2 /* FiveColorButton.swift in Sources */,
				92DC382A2D9BE7FF000AEBF8 /* FiveColorsView.swift in Sources */,
				92FA42552DB47B7D004BE2C1 /* FillType.swift in Sources */,
				92967FE52C8D366A00493989 /* UIFontExtension.swift in Sources */,
				92967FDA2C8D359300493989 /* DigitsNumberFactory.swift in Sources */,
				925648B92D2BC24B00688D8B /* InterPoemDurationSetting.swift in Sources */,
				92FA42572DB4AB01004BE2C1 /* FillTypeHandlable.swift in Sources */,
				925648BA2D2BC24B00688D8B /* KamiShimoDurationSetting.swift in Sources */,
				92967FE72C8D366A00493989 /* String-extension.swift in Sources */,
				92A9B5412C4FC4BC00BEF03B /* RecitePlayButton.ViewModel.swift in Sources */,
				92967FF72C8D8C1300493989 /* MenuSection.swift in Sources */,
				926D78212DCE1DDE003844B0 /* FirstChar.swift in Sources */,
				92967FCF2C8D359300493989 /* StandardColor.swift in Sources */,
				92FA42592DB4DE1B004BE2C1 /* BadgeView.swift in Sources */,
				92967FE32C8D366A00493989 /* UIColorExtention.swift in Sources */,
				92967FD82C8D359300493989 /* NgramDataFactory.swift in Sources */,
				929DB8B82CDEF98300609B7B /* MemorizeTimerViewModel.swift in Sources */,
				92967FD32C8D359300493989 /* Poem.swift in Sources */,
				92967FDC2C8D359300493989 /* Poem100.swift in Sources */,
				925648E12D3BA52B00688D8B /* VolumeSettingViewModel.swift in Sources */,
				92FDCC212C7497DF00B77262 /* Sec2F.swift in Sources */,
				925648C12D2BC32700688D8B /* DurationSettingType.swift in Sources */,
				925648BD2D2BC27E00688D8B /* DurationSettingViewModel 2.swift in Sources */,
				925648BE2D2BC27E00688D8B /* ReciteSettingAudioHandler 2.swift in Sources */,
				92A9B5452C53BE4900BEF03B /* CountDownTimer.swift in Sources */,
				92A9B53B2C4E6FB300BEF03B /* RecitePlayButton.swift in Sources */,
				92967FD52C8D359300493989 /* PoemsSelectesState.swift in Sources */,
			);
			runOnlyForDeploymentPostprocessing = 0;
		};
		928FEB892BF77C02001E28E2 /* Sources */ = {
			isa = PBXSourcesBuildPhase;
			buildActionMask = 2147483647;
			files = (
				92FA42512DB3A621004BE2C1 /* FiveColorsViewModel.swift in Sources */,
				925648CC2D2BC86E00688D8B /* DurationSettingViewModel+Fixtures.swift in Sources */,
				92A9B54F2C54DB3A00BEF03B /* MemorizeTimerViewModelTests.swift in Sources */,
				92A9B5492C54872C00BEF03B /* MinSecViewModelTests.swift in Sources */,
				92A9B53F2C4FC39B00BEF03B /* RecitePlayButtonViewModelTests.swift in Sources */,
				92967FF32C8D48FF00493989 /* MenuRowViewModelTests.swift in Sources */,
				92A9B5472C53C0AF00BEF03B /* CountDownTimerTests.swift in Sources */,
				925648C82D2BC84200688D8B /* DurationSettingViewModelTests.swift in Sources */,
				92CD11602D4A22A7007788D2 /* VolumeSettingViewModelFixture.swift in Sources */,
				925648C92D2BC84200688D8B /* ReciteSettingAudioHandlerTests.swift in Sources */,
				926D781F2DCE1D11003844B0 /* FirstCharTests.swift in Sources */,
				929DB8BC2CDF49F200609B7B /* Sec2FViewModelTests_toreta.swift in Sources */,
				92656EDC2DBC7238006E04DC /* FiveColorButtonViewModelTests.swift in Sources */,
				925648E32D3BA58200688D8B /* VolumeSettingViewModelTests.swift in Sources */,
			);
			runOnlyForDeploymentPostprocessing = 0;
		};
		92C0DA2A2C674971004C8966 /* Sources */ = {
			isa = PBXSourcesBuildPhase;
			buildActionMask = 2147483647;
			files = (
				92347F4F2DBF80F0001C77A8 /* AlertObjectable.swift in Sources */,
				92C0DA312C674971004C8966 /* TrialButtonAnimationUITests.swift in Sources */,
				92967FB72C85CB7B00493989 /* WaitInUITest.swift in Sources */,
				92347F582DBF8476001C77A8 /* PageObjectable.swift in Sources */,
				92347F4D2DBF80CE001C77A8 /* SelectedColorHandlingSheet.swift in Sources */,
				921D56B22DC0A7E3008AA985 /* HomePage.swift in Sources */,
				92967FB42C85C92800493989 /* InterPoemDurationSettingUITests.swift in Sources */,
				925648D02D2BD1D600688D8B /* KamiShimoDurationSettingUITests.swift in Sources */,
				92347F562DBF8462001C77A8 /* FiveColorsPage.swift in Sources */,
				924275D72D574F45001D5940 /* VolumeSettingUITests.swift in Sources */,
				9296800D2C97FB3E00493989 /* LaunchPageUITests.swift in Sources */,
				924463202D97D08E00F562B2 /* FiveColorsUITests.swift in Sources */,
				9249513A2DBF871B0097D675 /* FiveColors.swift in Sources */,
			);
			runOnlyForDeploymentPostprocessing = 0;
		};
/* End PBXSourcesBuildPhase section */

/* Begin PBXTargetDependency section */
		928FEB8F2BF77C02001E28E2 /* PBXTargetDependency */ = {
			isa = PBXTargetDependency;
			target = 928FEB7C2BF77C01001E28E2 /* TrialButtonAnimation */;
			targetProxy = 928FEB8E2BF77C02001E28E2 /* PBXContainerItemProxy */;
		};
		92C0DA352C674971004C8966 /* PBXTargetDependency */ = {
			isa = PBXTargetDependency;
			target = 928FEB7C2BF77C01001E28E2 /* TrialButtonAnimation */;
			targetProxy = 92C0DA342C674971004C8966 /* PBXContainerItemProxy */;
		};
/* End PBXTargetDependency section */

/* Begin XCBuildConfiguration section */
		928FEB9F2BF77C02001E28E2 /* Debug */ = {
			isa = XCBuildConfiguration;
			buildSettings = {
				ALWAYS_SEARCH_USER_PATHS = NO;
				ASSETCATALOG_COMPILER_GENERATE_SWIFT_ASSET_SYMBOL_EXTENSIONS = YES;
				CLANG_ANALYZER_NONNULL = YES;
				CLANG_ANALYZER_NUMBER_OBJECT_CONVERSION = YES_AGGRESSIVE;
				CLANG_CXX_LANGUAGE_STANDARD = "gnu++20";
				CLANG_ENABLE_MODULES = YES;
				CLANG_ENABLE_OBJC_ARC = YES;
				CLANG_ENABLE_OBJC_WEAK = YES;
				CLANG_WARN_BLOCK_CAPTURE_AUTORELEASING = YES;
				CLANG_WARN_BOOL_CONVERSION = YES;
				CLANG_WARN_COMMA = YES;
				CLANG_WARN_CONSTANT_CONVERSION = YES;
				CLANG_WARN_DEPRECATED_OBJC_IMPLEMENTATIONS = YES;
				CLANG_WARN_DIRECT_OBJC_ISA_USAGE = YES_ERROR;
				CLANG_WARN_DOCUMENTATION_COMMENTS = YES;
				CLANG_WARN_EMPTY_BODY = YES;
				CLANG_WARN_ENUM_CONVERSION = YES;
				CLANG_WARN_INFINITE_RECURSION = YES;
				CLANG_WARN_INT_CONVERSION = YES;
				CLANG_WARN_NON_LITERAL_NULL_CONVERSION = YES;
				CLANG_WARN_OBJC_IMPLICIT_RETAIN_SELF = YES;
				CLANG_WARN_OBJC_LITERAL_CONVERSION = YES;
				CLANG_WARN_OBJC_ROOT_CLASS = YES_ERROR;
				CLANG_WARN_QUOTED_INCLUDE_IN_FRAMEWORK_HEADER = YES;
				CLANG_WARN_RANGE_LOOP_ANALYSIS = YES;
				CLANG_WARN_STRICT_PROTOTYPES = YES;
				CLANG_WARN_SUSPICIOUS_MOVE = YES;
				CLANG_WARN_UNGUARDED_AVAILABILITY = YES_AGGRESSIVE;
				CLANG_WARN_UNREACHABLE_CODE = YES;
				CLANG_WARN__DUPLICATE_METHOD_MATCH = YES;
				COPY_PHASE_STRIP = NO;
				DEBUG_INFORMATION_FORMAT = dwarf;
				ENABLE_STRICT_OBJC_MSGSEND = YES;
				ENABLE_TESTABILITY = YES;
				ENABLE_USER_SCRIPT_SANDBOXING = YES;
				GCC_C_LANGUAGE_STANDARD = gnu17;
				GCC_DYNAMIC_NO_PIC = NO;
				GCC_NO_COMMON_BLOCKS = YES;
				GCC_OPTIMIZATION_LEVEL = 0;
				GCC_PREPROCESSOR_DEFINITIONS = (
					"DEBUG=1",
					"$(inherited)",
				);
				GCC_WARN_64_TO_32_BIT_CONVERSION = YES;
				GCC_WARN_ABOUT_RETURN_TYPE = YES_ERROR;
				GCC_WARN_UNDECLARED_SELECTOR = YES;
				GCC_WARN_UNINITIALIZED_AUTOS = YES_AGGRESSIVE;
				GCC_WARN_UNUSED_FUNCTION = YES;
				GCC_WARN_UNUSED_VARIABLE = YES;
				IPHONEOS_DEPLOYMENT_TARGET = 17.5;
				LOCALIZATION_PREFERS_STRING_CATALOGS = YES;
				MTL_ENABLE_DEBUG_INFO = INCLUDE_SOURCE;
				MTL_FAST_MATH = YES;
				ONLY_ACTIVE_ARCH = YES;
				SDKROOT = iphoneos;
				SWIFT_ACTIVE_COMPILATION_CONDITIONS = "DEBUG $(inherited)";
				SWIFT_OPTIMIZATION_LEVEL = "-Onone";
			};
			name = Debug;
		};
		928FEBA02BF77C02001E28E2 /* Release */ = {
			isa = XCBuildConfiguration;
			buildSettings = {
				ALWAYS_SEARCH_USER_PATHS = NO;
				ASSETCATALOG_COMPILER_GENERATE_SWIFT_ASSET_SYMBOL_EXTENSIONS = YES;
				CLANG_ANALYZER_NONNULL = YES;
				CLANG_ANALYZER_NUMBER_OBJECT_CONVERSION = YES_AGGRESSIVE;
				CLANG_CXX_LANGUAGE_STANDARD = "gnu++20";
				CLANG_ENABLE_MODULES = YES;
				CLANG_ENABLE_OBJC_ARC = YES;
				CLANG_ENABLE_OBJC_WEAK = YES;
				CLANG_WARN_BLOCK_CAPTURE_AUTORELEASING = YES;
				CLANG_WARN_BOOL_CONVERSION = YES;
				CLANG_WARN_COMMA = YES;
				CLANG_WARN_CONSTANT_CONVERSION = YES;
				CLANG_WARN_DEPRECATED_OBJC_IMPLEMENTATIONS = YES;
				CLANG_WARN_DIRECT_OBJC_ISA_USAGE = YES_ERROR;
				CLANG_WARN_DOCUMENTATION_COMMENTS = YES;
				CLANG_WARN_EMPTY_BODY = YES;
				CLANG_WARN_ENUM_CONVERSION = YES;
				CLANG_WARN_INFINITE_RECURSION = YES;
				CLANG_WARN_INT_CONVERSION = YES;
				CLANG_WARN_NON_LITERAL_NULL_CONVERSION = YES;
				CLANG_WARN_OBJC_IMPLICIT_RETAIN_SELF = YES;
				CLANG_WARN_OBJC_LITERAL_CONVERSION = YES;
				CLANG_WARN_OBJC_ROOT_CLASS = YES_ERROR;
				CLANG_WARN_QUOTED_INCLUDE_IN_FRAMEWORK_HEADER = YES;
				CLANG_WARN_RANGE_LOOP_ANALYSIS = YES;
				CLANG_WARN_STRICT_PROTOTYPES = YES;
				CLANG_WARN_SUSPICIOUS_MOVE = YES;
				CLANG_WARN_UNGUARDED_AVAILABILITY = YES_AGGRESSIVE;
				CLANG_WARN_UNREACHABLE_CODE = YES;
				CLANG_WARN__DUPLICATE_METHOD_MATCH = YES;
				COPY_PHASE_STRIP = NO;
				DEBUG_INFORMATION_FORMAT = "dwarf-with-dsym";
				ENABLE_NS_ASSERTIONS = NO;
				ENABLE_STRICT_OBJC_MSGSEND = YES;
				ENABLE_USER_SCRIPT_SANDBOXING = YES;
				GCC_C_LANGUAGE_STANDARD = gnu17;
				GCC_NO_COMMON_BLOCKS = YES;
				GCC_WARN_64_TO_32_BIT_CONVERSION = YES;
				GCC_WARN_ABOUT_RETURN_TYPE = YES_ERROR;
				GCC_WARN_UNDECLARED_SELECTOR = YES;
				GCC_WARN_UNINITIALIZED_AUTOS = YES_AGGRESSIVE;
				GCC_WARN_UNUSED_FUNCTION = YES;
				GCC_WARN_UNUSED_VARIABLE = YES;
				IPHONEOS_DEPLOYMENT_TARGET = 17.5;
				LOCALIZATION_PREFERS_STRING_CATALOGS = YES;
				MTL_ENABLE_DEBUG_INFO = NO;
				MTL_FAST_MATH = YES;
				SDKROOT = iphoneos;
				SWIFT_COMPILATION_MODE = wholemodule;
				VALIDATE_PRODUCT = YES;
			};
			name = Release;
		};
		928FEBA22BF77C02001E28E2 /* Debug */ = {
			isa = XCBuildConfiguration;
			buildSettings = {
				ASSETCATALOG_COMPILER_APPICON_NAME = AppIcon;
				ASSETCATALOG_COMPILER_GLOBAL_ACCENT_COLOR_NAME = AccentColor;
				CODE_SIGN_STYLE = Automatic;
				CURRENT_PROJECT_VERSION = 1;
				DEVELOPMENT_ASSET_PATHS = "\"TrialButtonAnimation/Preview Content\"";
				DEVELOPMENT_TEAM = 4B4EJ2GHFC;
				ENABLE_PREVIEWS = YES;
				GENERATE_INFOPLIST_FILE = YES;
				INFOPLIST_KEY_UIApplicationSceneManifest_Generation = YES;
				INFOPLIST_KEY_UIApplicationSupportsIndirectInputEvents = YES;
				INFOPLIST_KEY_UILaunchScreen_Generation = YES;
				INFOPLIST_KEY_UISupportedInterfaceOrientations_iPad = "UIInterfaceOrientationPortrait UIInterfaceOrientationPortraitUpsideDown UIInterfaceOrientationLandscapeLeft UIInterfaceOrientationLandscapeRight";
				INFOPLIST_KEY_UISupportedInterfaceOrientations_iPhone = "UIInterfaceOrientationPortrait UIInterfaceOrientationLandscapeLeft UIInterfaceOrientationLandscapeRight";
				LD_RUNPATH_SEARCH_PATHS = (
					"$(inherited)",
					"@executable_path/Frameworks",
				);
				MARKETING_VERSION = 1.0;
				PRODUCT_BUNDLE_IDENTIFIER = com.sato0123.TrialButtonAnimation;
				PRODUCT_NAME = "$(TARGET_NAME)";
				SWIFT_EMIT_LOC_STRINGS = YES;
				SWIFT_VERSION = 5.0;
				TARGETED_DEVICE_FAMILY = "1,2";
			};
			name = Debug;
		};
		928FEBA32BF77C02001E28E2 /* Release */ = {
			isa = XCBuildConfiguration;
			buildSettings = {
				ASSETCATALOG_COMPILER_APPICON_NAME = AppIcon;
				ASSETCATALOG_COMPILER_GLOBAL_ACCENT_COLOR_NAME = AccentColor;
				CODE_SIGN_STYLE = Automatic;
				CURRENT_PROJECT_VERSION = 1;
				DEVELOPMENT_ASSET_PATHS = "\"TrialButtonAnimation/Preview Content\"";
				DEVELOPMENT_TEAM = 4B4EJ2GHFC;
				ENABLE_PREVIEWS = YES;
				GENERATE_INFOPLIST_FILE = YES;
				INFOPLIST_KEY_UIApplicationSceneManifest_Generation = YES;
				INFOPLIST_KEY_UIApplicationSupportsIndirectInputEvents = YES;
				INFOPLIST_KEY_UILaunchScreen_Generation = YES;
				INFOPLIST_KEY_UISupportedInterfaceOrientations_iPad = "UIInterfaceOrientationPortrait UIInterfaceOrientationPortraitUpsideDown UIInterfaceOrientationLandscapeLeft UIInterfaceOrientationLandscapeRight";
				INFOPLIST_KEY_UISupportedInterfaceOrientations_iPhone = "UIInterfaceOrientationPortrait UIInterfaceOrientationLandscapeLeft UIInterfaceOrientationLandscapeRight";
				LD_RUNPATH_SEARCH_PATHS = (
					"$(inherited)",
					"@executable_path/Frameworks",
				);
				MARKETING_VERSION = 1.0;
				PRODUCT_BUNDLE_IDENTIFIER = com.sato0123.TrialButtonAnimation;
				PRODUCT_NAME = "$(TARGET_NAME)";
				SWIFT_EMIT_LOC_STRINGS = YES;
				SWIFT_VERSION = 5.0;
				TARGETED_DEVICE_FAMILY = "1,2";
			};
			name = Release;
		};
		928FEBA52BF77C02001E28E2 /* Debug */ = {
			isa = XCBuildConfiguration;
			buildSettings = {
				ALWAYS_EMBED_SWIFT_STANDARD_LIBRARIES = YES;
				BUNDLE_LOADER = "$(TEST_HOST)";
				CLANG_ENABLE_MODULES = YES;
				CODE_SIGN_STYLE = Automatic;
				CURRENT_PROJECT_VERSION = 1;
				DEVELOPMENT_TEAM = 4B4EJ2GHFC;
				GENERATE_INFOPLIST_FILE = YES;
				IPHONEOS_DEPLOYMENT_TARGET = 17.5;
				MARKETING_VERSION = 1.0;
				PRODUCT_BUNDLE_IDENTIFIER = com.sato0123.TrialButtonAnimationTests;
				PRODUCT_NAME = "$(TARGET_NAME)";
				SWIFT_EMIT_LOC_STRINGS = NO;
				SWIFT_OPTIMIZATION_LEVEL = "-Onone";
				SWIFT_VERSION = 5.0;
				TARGETED_DEVICE_FAMILY = "1,2";
				TEST_HOST = "$(BUILT_PRODUCTS_DIR)/TrialButtonAnimation.app/$(BUNDLE_EXECUTABLE_FOLDER_PATH)/TrialButtonAnimation";
			};
			name = Debug;
		};
		928FEBA62BF77C02001E28E2 /* Release */ = {
			isa = XCBuildConfiguration;
			buildSettings = {
				ALWAYS_EMBED_SWIFT_STANDARD_LIBRARIES = YES;
				BUNDLE_LOADER = "$(TEST_HOST)";
				CLANG_ENABLE_MODULES = YES;
				CODE_SIGN_STYLE = Automatic;
				CURRENT_PROJECT_VERSION = 1;
				DEVELOPMENT_TEAM = 4B4EJ2GHFC;
				GENERATE_INFOPLIST_FILE = YES;
				IPHONEOS_DEPLOYMENT_TARGET = 17.5;
				MARKETING_VERSION = 1.0;
				PRODUCT_BUNDLE_IDENTIFIER = com.sato0123.TrialButtonAnimationTests;
				PRODUCT_NAME = "$(TARGET_NAME)";
				SWIFT_EMIT_LOC_STRINGS = NO;
				SWIFT_VERSION = 5.0;
				TARGETED_DEVICE_FAMILY = "1,2";
				TEST_HOST = "$(BUILT_PRODUCTS_DIR)/TrialButtonAnimation.app/$(BUNDLE_EXECUTABLE_FOLDER_PATH)/TrialButtonAnimation";
			};
			name = Release;
		};
		92C0DA362C674971004C8966 /* Debug */ = {
			isa = XCBuildConfiguration;
			buildSettings = {
				CODE_SIGN_STYLE = Automatic;
				CURRENT_PROJECT_VERSION = 1;
				DEVELOPMENT_TEAM = 4B4EJ2GHFC;
				GENERATE_INFOPLIST_FILE = YES;
				MARKETING_VERSION = 1.0;
				PRODUCT_BUNDLE_IDENTIFIER = com.sato0123.TrialButtonAnimationUITests;
				PRODUCT_NAME = "$(TARGET_NAME)";
				SWIFT_EMIT_LOC_STRINGS = NO;
				SWIFT_VERSION = 5.0;
				TARGETED_DEVICE_FAMILY = "1,2";
				TEST_TARGET_NAME = TrialButtonAnimation;
			};
			name = Debug;
		};
		92C0DA372C674971004C8966 /* Release */ = {
			isa = XCBuildConfiguration;
			buildSettings = {
				CODE_SIGN_STYLE = Automatic;
				CURRENT_PROJECT_VERSION = 1;
				DEVELOPMENT_TEAM = 4B4EJ2GHFC;
				GENERATE_INFOPLIST_FILE = YES;
				MARKETING_VERSION = 1.0;
				PRODUCT_BUNDLE_IDENTIFIER = com.sato0123.TrialButtonAnimationUITests;
				PRODUCT_NAME = "$(TARGET_NAME)";
				SWIFT_EMIT_LOC_STRINGS = NO;
				SWIFT_VERSION = 5.0;
				TARGETED_DEVICE_FAMILY = "1,2";
				TEST_TARGET_NAME = TrialButtonAnimation;
			};
			name = Release;
		};
/* End XCBuildConfiguration section */

/* Begin XCConfigurationList section */
		928FEB782BF77C01001E28E2 /* Build configuration list for PBXProject "TrialButtonAnimation" */ = {
			isa = XCConfigurationList;
			buildConfigurations = (
				928FEB9F2BF77C02001E28E2 /* Debug */,
				928FEBA02BF77C02001E28E2 /* Release */,
			);
			defaultConfigurationIsVisible = 0;
			defaultConfigurationName = Release;
		};
		928FEBA12BF77C02001E28E2 /* Build configuration list for PBXNativeTarget "TrialButtonAnimation" */ = {
			isa = XCConfigurationList;
			buildConfigurations = (
				928FEBA22BF77C02001E28E2 /* Debug */,
				928FEBA32BF77C02001E28E2 /* Release */,
			);
			defaultConfigurationIsVisible = 0;
			defaultConfigurationName = Release;
		};
		928FEBA42BF77C02001E28E2 /* Build configuration list for PBXNativeTarget "TrialButtonAnimationTests" */ = {
			isa = XCConfigurationList;
			buildConfigurations = (
				928FEBA52BF77C02001E28E2 /* Debug */,
				928FEBA62BF77C02001E28E2 /* Release */,
			);
			defaultConfigurationIsVisible = 0;
			defaultConfigurationName = Release;
		};
		92C0DA382C674971004C8966 /* Build configuration list for PBXNativeTarget "TrialButtonAnimationUITests" */ = {
			isa = XCConfigurationList;
			buildConfigurations = (
				92C0DA362C674971004C8966 /* Debug */,
				92C0DA372C674971004C8966 /* Release */,
			);
			defaultConfigurationIsVisible = 0;
			defaultConfigurationName = Release;
		};
/* End XCConfigurationList section */
	};
	rootObject = 928FEB752BF77C01001E28E2 /* Project object */;
}
