// !$*UTF8*$!
{
	archiveVersion = 1;
	classes = {
	};
	objectVersion = 56;
	objects = {

/* Begin PBXBuildFile section */
		9213884A2C452FC80025F2E0 /* Colors.xcassets in Resources */ = {isa = PBXBuildFile; fileRef = 921388492C452FC80025F2E0 /* Colors.xcassets */; };
		9213884D2C4AA2750025F2E0 /* MinSec.swift in Sources */ = {isa = PBXBuildFile; fileRef = 9213884B2C4A96E70025F2E0 /* MinSec.swift */; };
		9213884F2C4AA2F90025F2E0 /* ScreenSizeStore.swift in Sources */ = {isa = PBXBuildFile; fileRef = 9213884E2C4AA2F90025F2E0 /* ScreenSizeStore.swift */; };
		9236F9F42C7B10960091F1E3 /* SecTimerWithButton.swift in Sources */ = {isa = PBXBuildFile; fileRef = 9236F9F32C7B10960091F1E3 /* SecTimerWithButton.swift */; };
		9236F9F62C7B12E10091F1E3 /* SecTimerWithButton.ViewModel.swift in Sources */ = {isa = PBXBuildFile; fileRef = 9236F9F52C7B12E10091F1E3 /* SecTimerWithButton.ViewModel.swift */; };
		926DD6522C6CAF4500516674 /* ReciteViewButtonStyle.swift in Sources */ = {isa = PBXBuildFile; fileRef = 926DD6512C6CAF4500516674 /* ReciteViewButtonStyle.swift */; };
		928FEB812BF77C01001E28E2 /* TrialButtonAnimationApp.swift in Sources */ = {isa = PBXBuildFile; fileRef = 928FEB802BF77C01001E28E2 /* TrialButtonAnimationApp.swift */; };
		928FEB832BF77C01001E28E2 /* ContentView.swift in Sources */ = {isa = PBXBuildFile; fileRef = 928FEB822BF77C01001E28E2 /* ContentView.swift */; };
		928FEB852BF77C02001E28E2 /* Assets.xcassets in Resources */ = {isa = PBXBuildFile; fileRef = 928FEB842BF77C02001E28E2 /* Assets.xcassets */; };
		928FEB882BF77C02001E28E2 /* Preview Assets.xcassets in Resources */ = {isa = PBXBuildFile; fileRef = 928FEB872BF77C02001E28E2 /* Preview Assets.xcassets */; };
		92967FB42C85C92800493989 /* SecTimerWithButtonUITests.swift in Sources */ = {isa = PBXBuildFile; fileRef = 92967FB32C85C92800493989 /* SecTimerWithButtonUITests.swift */; };
		92967FB72C85CB7B00493989 /* WaitInUITest.swift in Sources */ = {isa = PBXBuildFile; fileRef = 92967FB62C85CB7B00493989 /* WaitInUITest.swift */; };
		92A9B53B2C4E6FB300BEF03B /* RecitePlayButton.swift in Sources */ = {isa = PBXBuildFile; fileRef = 92A9B53A2C4E6FB300BEF03B /* RecitePlayButton.swift */; };
		92A9B53F2C4FC39B00BEF03B /* RecitePlayButtonViewModelTests.swift in Sources */ = {isa = PBXBuildFile; fileRef = 92A9B53E2C4FC39B00BEF03B /* RecitePlayButtonViewModelTests.swift */; };
		92A9B5412C4FC4BC00BEF03B /* RecitePlayButton.ViewModel.swift in Sources */ = {isa = PBXBuildFile; fileRef = 92A9B5402C4FC4BC00BEF03B /* RecitePlayButton.ViewModel.swift */; };
		92A9B5452C53BE4900BEF03B /* CountDownTimer.swift in Sources */ = {isa = PBXBuildFile; fileRef = 92A9B5442C53BE4900BEF03B /* CountDownTimer.swift */; };
		92A9B5472C53C0AF00BEF03B /* CountDownTimerTests.swift in Sources */ = {isa = PBXBuildFile; fileRef = 92A9B5462C53C0AF00BEF03B /* CountDownTimerTests.swift */; };
		92A9B5492C54872C00BEF03B /* MinSecViewModelTests.swift in Sources */ = {isa = PBXBuildFile; fileRef = 92A9B5482C54872C00BEF03B /* MinSecViewModelTests.swift */; };
		92A9B54B2C5487EA00BEF03B /* MinSec.ViewModel.swift in Sources */ = {isa = PBXBuildFile; fileRef = 92A9B54A2C5487EA00BEF03B /* MinSec.ViewModel.swift */; };
		92A9B54D2C54D90200BEF03B /* MemorizeTimer.swift in Sources */ = {isa = PBXBuildFile; fileRef = 92A9B54C2C54D90200BEF03B /* MemorizeTimer.swift */; };
		92A9B54F2C54DB3A00BEF03B /* MemorizeTimerViewModelTests.swift in Sources */ = {isa = PBXBuildFile; fileRef = 92A9B54E2C54DB3A00BEF03B /* MemorizeTimerViewModelTests.swift */; };
		92A9B5512C54DC4F00BEF03B /* MemorizeTimer.ViewModel.swift in Sources */ = {isa = PBXBuildFile; fileRef = 92A9B5502C54DC4F00BEF03B /* MemorizeTimer.ViewModel.swift */; };
		92B083862C79C53F0017C9CC /* DurationSetting.swift in Sources */ = {isa = PBXBuildFile; fileRef = 92B083852C79C53F0017C9CC /* DurationSetting.swift */; };
		92B083882C79C96B0017C9CC /* DurationSetting.ViewModel.swift in Sources */ = {isa = PBXBuildFile; fileRef = 92B083872C79C96B0017C9CC /* DurationSetting.ViewModel.swift */; };
		92C0DA182C660DC1004C8966 /* AudioPlayerFactory.swift in Sources */ = {isa = PBXBuildFile; fileRef = 92C0DA172C660DC1004C8966 /* AudioPlayerFactory.swift */; };
		92C0DA292C6629EF004C8966 /* audio in Resources */ = {isa = PBXBuildFile; fileRef = 92C0DA282C6629EF004C8966 /* audio */; };
		92C0DA312C674971004C8966 /* TrialButtonAnimationUITests.swift in Sources */ = {isa = PBXBuildFile; fileRef = 92C0DA302C674971004C8966 /* TrialButtonAnimationUITests.swift */; };
		92D934132C42131900E3B9E5 /* CircleView.swift in Sources */ = {isa = PBXBuildFile; fileRef = 92D934122C42131900E3B9E5 /* CircleView.swift */; };
		92D934152C42A7B800E3B9E5 /* ReciteViewGeneralButton.swift in Sources */ = {isa = PBXBuildFile; fileRef = 92D934142C42A7B800E3B9E5 /* ReciteViewGeneralButton.swift */; };
		92F98F792C82E95A003E57D1 /* SecTimerWithButtonViewModelTests.swift in Sources */ = {isa = PBXBuildFile; fileRef = 92F98F782C82E95A003E57D1 /* SecTimerWithButtonViewModelTests.swift */; };
		92FDCC212C7497DF00B77262 /* Sec2F.swift in Sources */ = {isa = PBXBuildFile; fileRef = 92FDCC202C7497DF00B77262 /* Sec2F.swift */; };
		92FDCC232C749AAC00B77262 /* Sec2FViewModelTests.swift in Sources */ = {isa = PBXBuildFile; fileRef = 92FDCC222C749AAC00B77262 /* Sec2FViewModelTests.swift */; };
		92FDCC252C74AABC00B77262 /* Sec2F.ViewModel.swift in Sources */ = {isa = PBXBuildFile; fileRef = 92FDCC242C74AABC00B77262 /* Sec2F.ViewModel.swift */; };
/* End PBXBuildFile section */

/* Begin PBXContainerItemProxy section */
		928FEB8E2BF77C02001E28E2 /* PBXContainerItemProxy */ = {
			isa = PBXContainerItemProxy;
			containerPortal = 928FEB752BF77C01001E28E2 /* Project object */;
			proxyType = 1;
			remoteGlobalIDString = 928FEB7C2BF77C01001E28E2;
			remoteInfo = TrialButtonAnimation;
		};
		92C0DA342C674971004C8966 /* PBXContainerItemProxy */ = {
			isa = PBXContainerItemProxy;
			containerPortal = 928FEB752BF77C01001E28E2 /* Project object */;
			proxyType = 1;
			remoteGlobalIDString = 928FEB7C2BF77C01001E28E2;
			remoteInfo = TrialButtonAnimation;
		};
/* End PBXContainerItemProxy section */

/* Begin PBXFileReference section */
		921388492C452FC80025F2E0 /* Colors.xcassets */ = {isa = PBXFileReference; lastKnownFileType = folder.assetcatalog; path = Colors.xcassets; sourceTree = "<group>"; };
		9213884B2C4A96E70025F2E0 /* MinSec.swift */ = {isa = PBXFileReference; lastKnownFileType = sourcecode.swift; path = MinSec.swift; sourceTree = "<group>"; };
		9213884E2C4AA2F90025F2E0 /* ScreenSizeStore.swift */ = {isa = PBXFileReference; lastKnownFileType = sourcecode.swift; path = ScreenSizeStore.swift; sourceTree = "<group>"; };
		9236F9F32C7B10960091F1E3 /* SecTimerWithButton.swift */ = {isa = PBXFileReference; lastKnownFileType = sourcecode.swift; path = SecTimerWithButton.swift; sourceTree = "<group>"; };
		9236F9F52C7B12E10091F1E3 /* SecTimerWithButton.ViewModel.swift */ = {isa = PBXFileReference; lastKnownFileType = sourcecode.swift; path = SecTimerWithButton.ViewModel.swift; sourceTree = "<group>"; };
		926DD6512C6CAF4500516674 /* ReciteViewButtonStyle.swift */ = {isa = PBXFileReference; lastKnownFileType = sourcecode.swift; path = ReciteViewButtonStyle.swift; sourceTree = "<group>"; };
		928FEB7D2BF77C01001E28E2 /* TrialButtonAnimation.app */ = {isa = PBXFileReference; explicitFileType = wrapper.application; includeInIndex = 0; path = TrialButtonAnimation.app; sourceTree = BUILT_PRODUCTS_DIR; };
		928FEB802BF77C01001E28E2 /* TrialButtonAnimationApp.swift */ = {isa = PBXFileReference; lastKnownFileType = sourcecode.swift; path = TrialButtonAnimationApp.swift; sourceTree = "<group>"; };
		928FEB822BF77C01001E28E2 /* ContentView.swift */ = {isa = PBXFileReference; lastKnownFileType = sourcecode.swift; path = ContentView.swift; sourceTree = "<group>"; };
		928FEB842BF77C02001E28E2 /* Assets.xcassets */ = {isa = PBXFileReference; lastKnownFileType = folder.assetcatalog; path = Assets.xcassets; sourceTree = "<group>"; };
		928FEB872BF77C02001E28E2 /* Preview Assets.xcassets */ = {isa = PBXFileReference; lastKnownFileType = folder.assetcatalog; path = "Preview Assets.xcassets"; sourceTree = "<group>"; };
		928FEB8D2BF77C02001E28E2 /* TrialButtonAnimationTests.xctest */ = {isa = PBXFileReference; explicitFileType = wrapper.cfbundle; includeInIndex = 0; path = TrialButtonAnimationTests.xctest; sourceTree = BUILT_PRODUCTS_DIR; };
		92967FB32C85C92800493989 /* SecTimerWithButtonUITests.swift */ = {isa = PBXFileReference; lastKnownFileType = sourcecode.swift; path = SecTimerWithButtonUITests.swift; sourceTree = "<group>"; };
		92967FB62C85CB7B00493989 /* WaitInUITest.swift */ = {isa = PBXFileReference; fileEncoding = 4; lastKnownFileType = sourcecode.swift; path = WaitInUITest.swift; sourceTree = "<group>"; };
		92A9B53A2C4E6FB300BEF03B /* RecitePlayButton.swift */ = {isa = PBXFileReference; lastKnownFileType = sourcecode.swift; path = RecitePlayButton.swift; sourceTree = "<group>"; };
		92A9B53E2C4FC39B00BEF03B /* RecitePlayButtonViewModelTests.swift */ = {isa = PBXFileReference; lastKnownFileType = sourcecode.swift; path = RecitePlayButtonViewModelTests.swift; sourceTree = "<group>"; };
		92A9B5402C4FC4BC00BEF03B /* RecitePlayButton.ViewModel.swift */ = {isa = PBXFileReference; lastKnownFileType = sourcecode.swift; path = RecitePlayButton.ViewModel.swift; sourceTree = "<group>"; };
		92A9B5442C53BE4900BEF03B /* CountDownTimer.swift */ = {isa = PBXFileReference; lastKnownFileType = sourcecode.swift; path = CountDownTimer.swift; sourceTree = "<group>"; };
		92A9B5462C53C0AF00BEF03B /* CountDownTimerTests.swift */ = {isa = PBXFileReference; lastKnownFileType = sourcecode.swift; path = CountDownTimerTests.swift; sourceTree = "<group>"; };
		92A9B5482C54872C00BEF03B /* MinSecViewModelTests.swift */ = {isa = PBXFileReference; lastKnownFileType = sourcecode.swift; path = MinSecViewModelTests.swift; sourceTree = "<group>"; };
		92A9B54A2C5487EA00BEF03B /* MinSec.ViewModel.swift */ = {isa = PBXFileReference; lastKnownFileType = sourcecode.swift; path = MinSec.ViewModel.swift; sourceTree = "<group>"; };
		92A9B54C2C54D90200BEF03B /* MemorizeTimer.swift */ = {isa = PBXFileReference; lastKnownFileType = sourcecode.swift; path = MemorizeTimer.swift; sourceTree = "<group>"; };
		92A9B54E2C54DB3A00BEF03B /* MemorizeTimerViewModelTests.swift */ = {isa = PBXFileReference; lastKnownFileType = sourcecode.swift; path = MemorizeTimerViewModelTests.swift; sourceTree = "<group>"; };
		92A9B5502C54DC4F00BEF03B /* MemorizeTimer.ViewModel.swift */ = {isa = PBXFileReference; lastKnownFileType = sourcecode.swift; path = MemorizeTimer.ViewModel.swift; sourceTree = "<group>"; };
		92B083852C79C53F0017C9CC /* DurationSetting.swift */ = {isa = PBXFileReference; lastKnownFileType = sourcecode.swift; path = DurationSetting.swift; sourceTree = "<group>"; };
		92B083872C79C96B0017C9CC /* DurationSetting.ViewModel.swift */ = {isa = PBXFileReference; lastKnownFileType = sourcecode.swift; path = DurationSetting.ViewModel.swift; sourceTree = "<group>"; };
		92C0DA172C660DC1004C8966 /* AudioPlayerFactory.swift */ = {isa = PBXFileReference; fileEncoding = 4; lastKnownFileType = sourcecode.swift; path = AudioPlayerFactory.swift; sourceTree = "<group>"; };
		92C0DA282C6629EF004C8966 /* audio */ = {isa = PBXFileReference; lastKnownFileType = folder; path = audio; sourceTree = "<group>"; };
		92C0DA2E2C674971004C8966 /* TrialButtonAnimationUITests.xctest */ = {isa = PBXFileReference; explicitFileType = wrapper.cfbundle; includeInIndex = 0; path = TrialButtonAnimationUITests.xctest; sourceTree = BUILT_PRODUCTS_DIR; };
		92C0DA302C674971004C8966 /* TrialButtonAnimationUITests.swift */ = {isa = PBXFileReference; lastKnownFileType = sourcecode.swift; path = TrialButtonAnimationUITests.swift; sourceTree = "<group>"; };
		92D934122C42131900E3B9E5 /* CircleView.swift */ = {isa = PBXFileReference; lastKnownFileType = sourcecode.swift; path = CircleView.swift; sourceTree = "<group>"; };
		92D934142C42A7B800E3B9E5 /* ReciteViewGeneralButton.swift */ = {isa = PBXFileReference; lastKnownFileType = sourcecode.swift; path = ReciteViewGeneralButton.swift; sourceTree = "<group>"; };
		92F98F782C82E95A003E57D1 /* SecTimerWithButtonViewModelTests.swift */ = {isa = PBXFileReference; lastKnownFileType = sourcecode.swift; path = SecTimerWithButtonViewModelTests.swift; sourceTree = "<group>"; };
		92FDCC202C7497DF00B77262 /* Sec2F.swift */ = {isa = PBXFileReference; lastKnownFileType = sourcecode.swift; path = Sec2F.swift; sourceTree = "<group>"; };
		92FDCC222C749AAC00B77262 /* Sec2FViewModelTests.swift */ = {isa = PBXFileReference; lastKnownFileType = sourcecode.swift; path = Sec2FViewModelTests.swift; sourceTree = "<group>"; };
		92FDCC242C74AABC00B77262 /* Sec2F.ViewModel.swift */ = {isa = PBXFileReference; lastKnownFileType = sourcecode.swift; path = Sec2F.ViewModel.swift; sourceTree = "<group>"; };
/* End PBXFileReference section */

/* Begin PBXFrameworksBuildPhase section */
		928FEB7A2BF77C01001E28E2 /* Frameworks */ = {
			isa = PBXFrameworksBuildPhase;
			buildActionMask = 2147483647;
			files = (
			);
			runOnlyForDeploymentPostprocessing = 0;
		};
		928FEB8A2BF77C02001E28E2 /* Frameworks */ = {
			isa = PBXFrameworksBuildPhase;
			buildActionMask = 2147483647;
			files = (
			);
			runOnlyForDeploymentPostprocessing = 0;
		};
		92C0DA2B2C674971004C8966 /* Frameworks */ = {
			isa = PBXFrameworksBuildPhase;
			buildActionMask = 2147483647;
			files = (
			);
			runOnlyForDeploymentPostprocessing = 0;
		};
/* End PBXFrameworksBuildPhase section */

/* Begin PBXGroup section */
		928FEB742BF77C01001E28E2 = {
			isa = PBXGroup;
			children = (
				928FEB7F2BF77C01001E28E2 /* TrialButtonAnimation */,
				928FEB902BF77C02001E28E2 /* TrialButtonAnimationTests */,
				92C0DA2F2C674971004C8966 /* TrialButtonAnimationUITests */,
				928FEB7E2BF77C01001E28E2 /* Products */,
			);
			sourceTree = "<group>";
		};
		928FEB7E2BF77C01001E28E2 /* Products */ = {
			isa = PBXGroup;
			children = (
				928FEB7D2BF77C01001E28E2 /* TrialButtonAnimation.app */,
				928FEB8D2BF77C02001E28E2 /* TrialButtonAnimationTests.xctest */,
				92C0DA2E2C674971004C8966 /* TrialButtonAnimationUITests.xctest */,
			);
			name = Products;
			sourceTree = "<group>";
		};
		928FEB7F2BF77C01001E28E2 /* TrialButtonAnimation */ = {
			isa = PBXGroup;
			children = (
				92967FBC2C8C4B9400493989 /* models */,
				92967FBA2C8C4ADA00493989 /* views */,
				92967FBB2C8C4B5900493989 /* viewModels */,
				92C0DA232C662955004C8966 /* resources */,
				928FEB842BF77C02001E28E2 /* Assets.xcassets */,
				921388492C452FC80025F2E0 /* Colors.xcassets */,
				928FEB862BF77C02001E28E2 /* Preview Content */,
				928FEB802BF77C01001E28E2 /* TrialButtonAnimationApp.swift */,
				92C0DA162C660CD6004C8966 /* audio */,
			);
			path = TrialButtonAnimation;
			sourceTree = "<group>";
		};
		928FEB862BF77C02001E28E2 /* Preview Content */ = {
			isa = PBXGroup;
			children = (
				928FEB872BF77C02001E28E2 /* Preview Assets.xcassets */,
			);
			path = "Preview Content";
			sourceTree = "<group>";
		};
		928FEB902BF77C02001E28E2 /* TrialButtonAnimationTests */ = {
			isa = PBXGroup;
			children = (
				92967FB82C8C4A3900493989 /* models */,
				92967FB92C8C4A4500493989 /* viewModels */,
			);
			path = TrialButtonAnimationTests;
			sourceTree = "<group>";
		};
		92967FB52C85CB4D00493989 /* protocols */ = {
			isa = PBXGroup;
			children = (
				92967FB62C85CB7B00493989 /* WaitInUITest.swift */,
			);
			path = protocols;
			sourceTree = "<group>";
		};
		92967FB82C8C4A3900493989 /* models */ = {
			isa = PBXGroup;
			children = (
				92A9B5462C53C0AF00BEF03B /* CountDownTimerTests.swift */,
			);
			path = models;
			sourceTree = "<group>";
		};
		92967FB92C8C4A4500493989 /* viewModels */ = {
			isa = PBXGroup;
			children = (
				92A9B53E2C4FC39B00BEF03B /* RecitePlayButtonViewModelTests.swift */,
				92A9B5482C54872C00BEF03B /* MinSecViewModelTests.swift */,
				92A9B54E2C54DB3A00BEF03B /* MemorizeTimerViewModelTests.swift */,
				92FDCC222C749AAC00B77262 /* Sec2FViewModelTests.swift */,
				92F98F782C82E95A003E57D1 /* SecTimerWithButtonViewModelTests.swift */,
			);
			path = viewModels;
			sourceTree = "<group>";
		};
		92967FBA2C8C4ADA00493989 /* views */ = {
			isa = PBXGroup;
			children = (
				92D934122C42131900E3B9E5 /* CircleView.swift */,
				928FEB822BF77C01001E28E2 /* ContentView.swift */,
				92B083852C79C53F0017C9CC /* DurationSetting.swift */,
				92A9B54C2C54D90200BEF03B /* MemorizeTimer.swift */,
				9213884B2C4A96E70025F2E0 /* MinSec.swift */,
				92A9B53A2C4E6FB300BEF03B /* RecitePlayButton.swift */,
				92D934142C42A7B800E3B9E5 /* ReciteViewGeneralButton.swift */,
				926DD6512C6CAF4500516674 /* ReciteViewButtonStyle.swift */,
				92FDCC202C7497DF00B77262 /* Sec2F.swift */,
				9236F9F32C7B10960091F1E3 /* SecTimerWithButton.swift */,
			);
			path = views;
			sourceTree = "<group>";
		};
		92967FBB2C8C4B5900493989 /* viewModels */ = {
			isa = PBXGroup;
			children = (
				92B083872C79C96B0017C9CC /* DurationSetting.ViewModel.swift */,
				92A9B54A2C5487EA00BEF03B /* MinSec.ViewModel.swift */,
				92A9B5402C4FC4BC00BEF03B /* RecitePlayButton.ViewModel.swift */,
				92A9B5502C54DC4F00BEF03B /* MemorizeTimer.ViewModel.swift */,
				92FDCC242C74AABC00B77262 /* Sec2F.ViewModel.swift */,
				9236F9F52C7B12E10091F1E3 /* SecTimerWithButton.ViewModel.swift */,
			);
			path = viewModels;
			sourceTree = "<group>";
		};
		92967FBC2C8C4B9400493989 /* models */ = {
			isa = PBXGroup;
			children = (
				92A9B5442C53BE4900BEF03B /* CountDownTimer.swift */,
				9213884E2C4AA2F90025F2E0 /* ScreenSizeStore.swift */,
			);
			path = models;
			sourceTree = "<group>";
		};
		92C0DA162C660CD6004C8966 /* audio */ = {
			isa = PBXGroup;
			children = (
				92C0DA172C660DC1004C8966 /* AudioPlayerFactory.swift */,
			);
			path = audio;
			sourceTree = "<group>";
		};
		92C0DA232C662955004C8966 /* resources */ = {
			isa = PBXGroup;
			children = (
				92C0DA282C6629EF004C8966 /* audio */,
			);
			path = resources;
			sourceTree = "<group>";
		};
		92C0DA2F2C674971004C8966 /* TrialButtonAnimationUITests */ = {
			isa = PBXGroup;
			children = (
				92967FB52C85CB4D00493989 /* protocols */,
				92C0DA302C674971004C8966 /* TrialButtonAnimationUITests.swift */,
				92967FB32C85C92800493989 /* SecTimerWithButtonUITests.swift */,
			);
			path = TrialButtonAnimationUITests;
			sourceTree = "<group>";
		};
/* End PBXGroup section */

/* Begin PBXNativeTarget section */
		928FEB7C2BF77C01001E28E2 /* TrialButtonAnimation */ = {
			isa = PBXNativeTarget;
			buildConfigurationList = 928FEBA12BF77C02001E28E2 /* Build configuration list for PBXNativeTarget "TrialButtonAnimation" */;
			buildPhases = (
				928FEB792BF77C01001E28E2 /* Sources */,
				928FEB7A2BF77C01001E28E2 /* Frameworks */,
				928FEB7B2BF77C01001E28E2 /* Resources */,
			);
			buildRules = (
			);
			dependencies = (
			);
			name = TrialButtonAnimation;
			productName = TrialButtonAnimation;
			productReference = 928FEB7D2BF77C01001E28E2 /* TrialButtonAnimation.app */;
			productType = "com.apple.product-type.application";
		};
		928FEB8C2BF77C02001E28E2 /* TrialButtonAnimationTests */ = {
			isa = PBXNativeTarget;
			buildConfigurationList = 928FEBA42BF77C02001E28E2 /* Build configuration list for PBXNativeTarget "TrialButtonAnimationTests" */;
			buildPhases = (
				928FEB892BF77C02001E28E2 /* Sources */,
				928FEB8A2BF77C02001E28E2 /* Frameworks */,
				928FEB8B2BF77C02001E28E2 /* Resources */,
			);
			buildRules = (
			);
			dependencies = (
				928FEB8F2BF77C02001E28E2 /* PBXTargetDependency */,
			);
			name = TrialButtonAnimationTests;
			productName = TrialButtonAnimationTests;
			productReference = 928FEB8D2BF77C02001E28E2 /* TrialButtonAnimationTests.xctest */;
			productType = "com.apple.product-type.bundle.unit-test";
		};
		92C0DA2D2C674971004C8966 /* TrialButtonAnimationUITests */ = {
			isa = PBXNativeTarget;
			buildConfigurationList = 92C0DA382C674971004C8966 /* Build configuration list for PBXNativeTarget "TrialButtonAnimationUITests" */;
			buildPhases = (
				92C0DA2A2C674971004C8966 /* Sources */,
				92C0DA2B2C674971004C8966 /* Frameworks */,
				92C0DA2C2C674971004C8966 /* Resources */,
			);
			buildRules = (
			);
			dependencies = (
				92C0DA352C674971004C8966 /* PBXTargetDependency */,
			);
			name = TrialButtonAnimationUITests;
			productName = TrialButtonAnimationUITests;
			productReference = 92C0DA2E2C674971004C8966 /* TrialButtonAnimationUITests.xctest */;
			productType = "com.apple.product-type.bundle.ui-testing";
		};
/* End PBXNativeTarget section */

/* Begin PBXProject section */
		928FEB752BF77C01001E28E2 /* Project object */ = {
			isa = PBXProject;
			attributes = {
				BuildIndependentTargetsInParallel = 1;
				LastSwiftUpdateCheck = 1540;
				LastUpgradeCheck = 1540;
				TargetAttributes = {
					928FEB7C2BF77C01001E28E2 = {
						CreatedOnToolsVersion = 15.4;
					};
					928FEB8C2BF77C02001E28E2 = {
						CreatedOnToolsVersion = 15.4;
						LastSwiftMigration = 1540;
						TestTargetID = 928FEB7C2BF77C01001E28E2;
					};
					92C0DA2D2C674971004C8966 = {
						CreatedOnToolsVersion = 15.4;
						TestTargetID = 928FEB7C2BF77C01001E28E2;
					};
				};
			};
			buildConfigurationList = 928FEB782BF77C01001E28E2 /* Build configuration list for PBXProject "TrialButtonAnimation" */;
			compatibilityVersion = "Xcode 14.0";
			developmentRegion = en;
			hasScannedForEncodings = 0;
			knownRegions = (
				en,
				Base,
			);
			mainGroup = 928FEB742BF77C01001E28E2;
			productRefGroup = 928FEB7E2BF77C01001E28E2 /* Products */;
			projectDirPath = "";
			projectRoot = "";
			targets = (
				928FEB7C2BF77C01001E28E2 /* TrialButtonAnimation */,
				928FEB8C2BF77C02001E28E2 /* TrialButtonAnimationTests */,
				92C0DA2D2C674971004C8966 /* TrialButtonAnimationUITests */,
			);
		};
/* End PBXProject section */

/* Begin PBXResourcesBuildPhase section */
		928FEB7B2BF77C01001E28E2 /* Resources */ = {
			isa = PBXResourcesBuildPhase;
			buildActionMask = 2147483647;
			files = (
				9213884A2C452FC80025F2E0 /* Colors.xcassets in Resources */,
				928FEB882BF77C02001E28E2 /* Preview Assets.xcassets in Resources */,
				928FEB852BF77C02001E28E2 /* Assets.xcassets in Resources */,
				92C0DA292C6629EF004C8966 /* audio in Resources */,
			);
			runOnlyForDeploymentPostprocessing = 0;
		};
		928FEB8B2BF77C02001E28E2 /* Resources */ = {
			isa = PBXResourcesBuildPhase;
			buildActionMask = 2147483647;
			files = (
			);
			runOnlyForDeploymentPostprocessing = 0;
		};
		92C0DA2C2C674971004C8966 /* Resources */ = {
			isa = PBXResourcesBuildPhase;
			buildActionMask = 2147483647;
			files = (
			);
			runOnlyForDeploymentPostprocessing = 0;
		};
/* End PBXResourcesBuildPhase section */

/* Begin PBXSourcesBuildPhase section */
		928FEB792BF77C01001E28E2 /* Sources */ = {
			isa = PBXSourcesBuildPhase;
			buildActionMask = 2147483647;
			files = (
				9213884D2C4AA2750025F2E0 /* MinSec.swift in Sources */,
				92D934132C42131900E3B9E5 /* CircleView.swift in Sources */,
				92A9B54B2C5487EA00BEF03B /* MinSec.ViewModel.swift in Sources */,
				9236F9F62C7B12E10091F1E3 /* SecTimerWithButton.ViewModel.swift in Sources */,
				92C0DA182C660DC1004C8966 /* AudioPlayerFactory.swift in Sources */,
				92A9B5512C54DC4F00BEF03B /* MemorizeTimer.ViewModel.swift in Sources */,
				928FEB832BF77C01001E28E2 /* ContentView.swift in Sources */,
				926DD6522C6CAF4500516674 /* ReciteViewButtonStyle.swift in Sources */,
				9236F9F42C7B10960091F1E3 /* SecTimerWithButton.swift in Sources */,
				92D934152C42A7B800E3B9E5 /* ReciteViewGeneralButton.swift in Sources */,
				9213884F2C4AA2F90025F2E0 /* ScreenSizeStore.swift in Sources */,
				928FEB812BF77C01001E28E2 /* TrialButtonAnimationApp.swift in Sources */,
				92B083882C79C96B0017C9CC /* DurationSetting.ViewModel.swift in Sources */,
				92A9B54D2C54D90200BEF03B /* MemorizeTimer.swift in Sources */,
				92A9B5412C4FC4BC00BEF03B /* RecitePlayButton.ViewModel.swift in Sources */,
				92B083862C79C53F0017C9CC /* DurationSetting.swift in Sources */,
				92FDCC212C7497DF00B77262 /* Sec2F.swift in Sources */,
				92FDCC252C74AABC00B77262 /* Sec2F.ViewModel.swift in Sources */,
				92A9B5452C53BE4900BEF03B /* CountDownTimer.swift in Sources */,
				92A9B53B2C4E6FB300BEF03B /* RecitePlayButton.swift in Sources */,
			);
			runOnlyForDeploymentPostprocessing = 0;
		};
		928FEB892BF77C02001E28E2 /* Sources */ = {
			isa = PBXSourcesBuildPhase;
			buildActionMask = 2147483647;
			files = (
				92A9B54F2C54DB3A00BEF03B /* MemorizeTimerViewModelTests.swift in Sources */,
				92A9B5492C54872C00BEF03B /* MinSecViewModelTests.swift in Sources */,
				92FDCC232C749AAC00B77262 /* Sec2FViewModelTests.swift in Sources */,
				92A9B53F2C4FC39B00BEF03B /* RecitePlayButtonViewModelTests.swift in Sources */,
				92A9B5472C53C0AF00BEF03B /* CountDownTimerTests.swift in Sources */,
				92F98F792C82E95A003E57D1 /* SecTimerWithButtonViewModelTests.swift in Sources */,
			);
			runOnlyForDeploymentPostprocessing = 0;
		};
		92C0DA2A2C674971004C8966 /* Sources */ = {
			isa = PBXSourcesBuildPhase;
			buildActionMask = 2147483647;
			files = (
				92C0DA312C674971004C8966 /* TrialButtonAnimationUITests.swift in Sources */,
				92967FB72C85CB7B00493989 /* WaitInUITest.swift in Sources */,
				92967FB42C85C92800493989 /* SecTimerWithButtonUITests.swift in Sources */,
			);
			runOnlyForDeploymentPostprocessing = 0;
		};
/* End PBXSourcesBuildPhase section */

/* Begin PBXTargetDependency section */
		928FEB8F2BF77C02001E28E2 /* PBXTargetDependency */ = {
			isa = PBXTargetDependency;
			target = 928FEB7C2BF77C01001E28E2 /* TrialButtonAnimation */;
			targetProxy = 928FEB8E2BF77C02001E28E2 /* PBXContainerItemProxy */;
		};
		92C0DA352C674971004C8966 /* PBXTargetDependency */ = {
			isa = PBXTargetDependency;
			target = 928FEB7C2BF77C01001E28E2 /* TrialButtonAnimation */;
			targetProxy = 92C0DA342C674971004C8966 /* PBXContainerItemProxy */;
		};
/* End PBXTargetDependency section */

/* Begin XCBuildConfiguration section */
		928FEB9F2BF77C02001E28E2 /* Debug */ = {
			isa = XCBuildConfiguration;
			buildSettings = {
				ALWAYS_SEARCH_USER_PATHS = NO;
				ASSETCATALOG_COMPILER_GENERATE_SWIFT_ASSET_SYMBOL_EXTENSIONS = YES;
				CLANG_ANALYZER_NONNULL = YES;
				CLANG_ANALYZER_NUMBER_OBJECT_CONVERSION = YES_AGGRESSIVE;
				CLANG_CXX_LANGUAGE_STANDARD = "gnu++20";
				CLANG_ENABLE_MODULES = YES;
				CLANG_ENABLE_OBJC_ARC = YES;
				CLANG_ENABLE_OBJC_WEAK = YES;
				CLANG_WARN_BLOCK_CAPTURE_AUTORELEASING = YES;
				CLANG_WARN_BOOL_CONVERSION = YES;
				CLANG_WARN_COMMA = YES;
				CLANG_WARN_CONSTANT_CONVERSION = YES;
				CLANG_WARN_DEPRECATED_OBJC_IMPLEMENTATIONS = YES;
				CLANG_WARN_DIRECT_OBJC_ISA_USAGE = YES_ERROR;
				CLANG_WARN_DOCUMENTATION_COMMENTS = YES;
				CLANG_WARN_EMPTY_BODY = YES;
				CLANG_WARN_ENUM_CONVERSION = YES;
				CLANG_WARN_INFINITE_RECURSION = YES;
				CLANG_WARN_INT_CONVERSION = YES;
				CLANG_WARN_NON_LITERAL_NULL_CONVERSION = YES;
				CLANG_WARN_OBJC_IMPLICIT_RETAIN_SELF = YES;
				CLANG_WARN_OBJC_LITERAL_CONVERSION = YES;
				CLANG_WARN_OBJC_ROOT_CLASS = YES_ERROR;
				CLANG_WARN_QUOTED_INCLUDE_IN_FRAMEWORK_HEADER = YES;
				CLANG_WARN_RANGE_LOOP_ANALYSIS = YES;
				CLANG_WARN_STRICT_PROTOTYPES = YES;
				CLANG_WARN_SUSPICIOUS_MOVE = YES;
				CLANG_WARN_UNGUARDED_AVAILABILITY = YES_AGGRESSIVE;
				CLANG_WARN_UNREACHABLE_CODE = YES;
				CLANG_WARN__DUPLICATE_METHOD_MATCH = YES;
				COPY_PHASE_STRIP = NO;
				DEBUG_INFORMATION_FORMAT = dwarf;
				ENABLE_STRICT_OBJC_MSGSEND = YES;
				ENABLE_TESTABILITY = YES;
				ENABLE_USER_SCRIPT_SANDBOXING = YES;
				GCC_C_LANGUAGE_STANDARD = gnu17;
				GCC_DYNAMIC_NO_PIC = NO;
				GCC_NO_COMMON_BLOCKS = YES;
				GCC_OPTIMIZATION_LEVEL = 0;
				GCC_PREPROCESSOR_DEFINITIONS = (
					"DEBUG=1",
					"$(inherited)",
				);
				GCC_WARN_64_TO_32_BIT_CONVERSION = YES;
				GCC_WARN_ABOUT_RETURN_TYPE = YES_ERROR;
				GCC_WARN_UNDECLARED_SELECTOR = YES;
				GCC_WARN_UNINITIALIZED_AUTOS = YES_AGGRESSIVE;
				GCC_WARN_UNUSED_FUNCTION = YES;
				GCC_WARN_UNUSED_VARIABLE = YES;
				IPHONEOS_DEPLOYMENT_TARGET = 17.5;
				LOCALIZATION_PREFERS_STRING_CATALOGS = YES;
				MTL_ENABLE_DEBUG_INFO = INCLUDE_SOURCE;
				MTL_FAST_MATH = YES;
				ONLY_ACTIVE_ARCH = YES;
				SDKROOT = iphoneos;
				SWIFT_ACTIVE_COMPILATION_CONDITIONS = "DEBUG $(inherited)";
				SWIFT_OPTIMIZATION_LEVEL = "-Onone";
			};
			name = Debug;
		};
		928FEBA02BF77C02001E28E2 /* Release */ = {
			isa = XCBuildConfiguration;
			buildSettings = {
				ALWAYS_SEARCH_USER_PATHS = NO;
				ASSETCATALOG_COMPILER_GENERATE_SWIFT_ASSET_SYMBOL_EXTENSIONS = YES;
				CLANG_ANALYZER_NONNULL = YES;
				CLANG_ANALYZER_NUMBER_OBJECT_CONVERSION = YES_AGGRESSIVE;
				CLANG_CXX_LANGUAGE_STANDARD = "gnu++20";
				CLANG_ENABLE_MODULES = YES;
				CLANG_ENABLE_OBJC_ARC = YES;
				CLANG_ENABLE_OBJC_WEAK = YES;
				CLANG_WARN_BLOCK_CAPTURE_AUTORELEASING = YES;
				CLANG_WARN_BOOL_CONVERSION = YES;
				CLANG_WARN_COMMA = YES;
				CLANG_WARN_CONSTANT_CONVERSION = YES;
				CLANG_WARN_DEPRECATED_OBJC_IMPLEMENTATIONS = YES;
				CLANG_WARN_DIRECT_OBJC_ISA_USAGE = YES_ERROR;
				CLANG_WARN_DOCUMENTATION_COMMENTS = YES;
				CLANG_WARN_EMPTY_BODY = YES;
				CLANG_WARN_ENUM_CONVERSION = YES;
				CLANG_WARN_INFINITE_RECURSION = YES;
				CLANG_WARN_INT_CONVERSION = YES;
				CLANG_WARN_NON_LITERAL_NULL_CONVERSION = YES;
				CLANG_WARN_OBJC_IMPLICIT_RETAIN_SELF = YES;
				CLANG_WARN_OBJC_LITERAL_CONVERSION = YES;
				CLANG_WARN_OBJC_ROOT_CLASS = YES_ERROR;
				CLANG_WARN_QUOTED_INCLUDE_IN_FRAMEWORK_HEADER = YES;
				CLANG_WARN_RANGE_LOOP_ANALYSIS = YES;
				CLANG_WARN_STRICT_PROTOTYPES = YES;
				CLANG_WARN_SUSPICIOUS_MOVE = YES;
				CLANG_WARN_UNGUARDED_AVAILABILITY = YES_AGGRESSIVE;
				CLANG_WARN_UNREACHABLE_CODE = YES;
				CLANG_WARN__DUPLICATE_METHOD_MATCH = YES;
				COPY_PHASE_STRIP = NO;
				DEBUG_INFORMATION_FORMAT = "dwarf-with-dsym";
				ENABLE_NS_ASSERTIONS = NO;
				ENABLE_STRICT_OBJC_MSGSEND = YES;
				ENABLE_USER_SCRIPT_SANDBOXING = YES;
				GCC_C_LANGUAGE_STANDARD = gnu17;
				GCC_NO_COMMON_BLOCKS = YES;
				GCC_WARN_64_TO_32_BIT_CONVERSION = YES;
				GCC_WARN_ABOUT_RETURN_TYPE = YES_ERROR;
				GCC_WARN_UNDECLARED_SELECTOR = YES;
				GCC_WARN_UNINITIALIZED_AUTOS = YES_AGGRESSIVE;
				GCC_WARN_UNUSED_FUNCTION = YES;
				GCC_WARN_UNUSED_VARIABLE = YES;
				IPHONEOS_DEPLOYMENT_TARGET = 17.5;
				LOCALIZATION_PREFERS_STRING_CATALOGS = YES;
				MTL_ENABLE_DEBUG_INFO = NO;
				MTL_FAST_MATH = YES;
				SDKROOT = iphoneos;
				SWIFT_COMPILATION_MODE = wholemodule;
				VALIDATE_PRODUCT = YES;
			};
			name = Release;
		};
		928FEBA22BF77C02001E28E2 /* Debug */ = {
			isa = XCBuildConfiguration;
			buildSettings = {
				ASSETCATALOG_COMPILER_APPICON_NAME = AppIcon;
				ASSETCATALOG_COMPILER_GLOBAL_ACCENT_COLOR_NAME = AccentColor;
				CODE_SIGN_STYLE = Automatic;
				CURRENT_PROJECT_VERSION = 1;
				DEVELOPMENT_ASSET_PATHS = "\"TrialButtonAnimation/Preview Content\"";
				DEVELOPMENT_TEAM = 4B4EJ2GHFC;
				ENABLE_PREVIEWS = YES;
				GENERATE_INFOPLIST_FILE = YES;
				INFOPLIST_KEY_UIApplicationSceneManifest_Generation = YES;
				INFOPLIST_KEY_UIApplicationSupportsIndirectInputEvents = YES;
				INFOPLIST_KEY_UILaunchScreen_Generation = YES;
				INFOPLIST_KEY_UISupportedInterfaceOrientations_iPad = "UIInterfaceOrientationPortrait UIInterfaceOrientationPortraitUpsideDown UIInterfaceOrientationLandscapeLeft UIInterfaceOrientationLandscapeRight";
				INFOPLIST_KEY_UISupportedInterfaceOrientations_iPhone = "UIInterfaceOrientationPortrait UIInterfaceOrientationLandscapeLeft UIInterfaceOrientationLandscapeRight";
				LD_RUNPATH_SEARCH_PATHS = (
					"$(inherited)",
					"@executable_path/Frameworks",
				);
				MARKETING_VERSION = 1.0;
				PRODUCT_BUNDLE_IDENTIFIER = com.sato0123.TrialButtonAnimation;
				PRODUCT_NAME = "$(TARGET_NAME)";
				SWIFT_EMIT_LOC_STRINGS = YES;
				SWIFT_VERSION = 5.0;
				TARGETED_DEVICE_FAMILY = "1,2";
			};
			name = Debug;
		};
		928FEBA32BF77C02001E28E2 /* Release */ = {
			isa = XCBuildConfiguration;
			buildSettings = {
				ASSETCATALOG_COMPILER_APPICON_NAME = AppIcon;
				ASSETCATALOG_COMPILER_GLOBAL_ACCENT_COLOR_NAME = AccentColor;
				CODE_SIGN_STYLE = Automatic;
				CURRENT_PROJECT_VERSION = 1;
				DEVELOPMENT_ASSET_PATHS = "\"TrialButtonAnimation/Preview Content\"";
				DEVELOPMENT_TEAM = 4B4EJ2GHFC;
				ENABLE_PREVIEWS = YES;
				GENERATE_INFOPLIST_FILE = YES;
				INFOPLIST_KEY_UIApplicationSceneManifest_Generation = YES;
				INFOPLIST_KEY_UIApplicationSupportsIndirectInputEvents = YES;
				INFOPLIST_KEY_UILaunchScreen_Generation = YES;
				INFOPLIST_KEY_UISupportedInterfaceOrientations_iPad = "UIInterfaceOrientationPortrait UIInterfaceOrientationPortraitUpsideDown UIInterfaceOrientationLandscapeLeft UIInterfaceOrientationLandscapeRight";
				INFOPLIST_KEY_UISupportedInterfaceOrientations_iPhone = "UIInterfaceOrientationPortrait UIInterfaceOrientationLandscapeLeft UIInterfaceOrientationLandscapeRight";
				LD_RUNPATH_SEARCH_PATHS = (
					"$(inherited)",
					"@executable_path/Frameworks",
				);
				MARKETING_VERSION = 1.0;
				PRODUCT_BUNDLE_IDENTIFIER = com.sato0123.TrialButtonAnimation;
				PRODUCT_NAME = "$(TARGET_NAME)";
				SWIFT_EMIT_LOC_STRINGS = YES;
				SWIFT_VERSION = 5.0;
				TARGETED_DEVICE_FAMILY = "1,2";
			};
			name = Release;
		};
		928FEBA52BF77C02001E28E2 /* Debug */ = {
			isa = XCBuildConfiguration;
			buildSettings = {
				ALWAYS_EMBED_SWIFT_STANDARD_LIBRARIES = YES;
				BUNDLE_LOADER = "$(TEST_HOST)";
				CLANG_ENABLE_MODULES = YES;
				CODE_SIGN_STYLE = Automatic;
				CURRENT_PROJECT_VERSION = 1;
				DEVELOPMENT_TEAM = 4B4EJ2GHFC;
				GENERATE_INFOPLIST_FILE = YES;
				IPHONEOS_DEPLOYMENT_TARGET = 17.5;
				MARKETING_VERSION = 1.0;
				PRODUCT_BUNDLE_IDENTIFIER = com.sato0123.TrialButtonAnimationTests;
				PRODUCT_NAME = "$(TARGET_NAME)";
				SWIFT_EMIT_LOC_STRINGS = NO;
				SWIFT_OPTIMIZATION_LEVEL = "-Onone";
				SWIFT_VERSION = 5.0;
				TARGETED_DEVICE_FAMILY = "1,2";
				TEST_HOST = "$(BUILT_PRODUCTS_DIR)/TrialButtonAnimation.app/$(BUNDLE_EXECUTABLE_FOLDER_PATH)/TrialButtonAnimation";
			};
			name = Debug;
		};
		928FEBA62BF77C02001E28E2 /* Release */ = {
			isa = XCBuildConfiguration;
			buildSettings = {
				ALWAYS_EMBED_SWIFT_STANDARD_LIBRARIES = YES;
				BUNDLE_LOADER = "$(TEST_HOST)";
				CLANG_ENABLE_MODULES = YES;
				CODE_SIGN_STYLE = Automatic;
				CURRENT_PROJECT_VERSION = 1;
				DEVELOPMENT_TEAM = 4B4EJ2GHFC;
				GENERATE_INFOPLIST_FILE = YES;
				IPHONEOS_DEPLOYMENT_TARGET = 17.5;
				MARKETING_VERSION = 1.0;
				PRODUCT_BUNDLE_IDENTIFIER = com.sato0123.TrialButtonAnimationTests;
				PRODUCT_NAME = "$(TARGET_NAME)";
				SWIFT_EMIT_LOC_STRINGS = NO;
				SWIFT_VERSION = 5.0;
				TARGETED_DEVICE_FAMILY = "1,2";
				TEST_HOST = "$(BUILT_PRODUCTS_DIR)/TrialButtonAnimation.app/$(BUNDLE_EXECUTABLE_FOLDER_PATH)/TrialButtonAnimation";
			};
			name = Release;
		};
		92C0DA362C674971004C8966 /* Debug */ = {
			isa = XCBuildConfiguration;
			buildSettings = {
				CODE_SIGN_STYLE = Automatic;
				CURRENT_PROJECT_VERSION = 1;
				DEVELOPMENT_TEAM = 4B4EJ2GHFC;
				GENERATE_INFOPLIST_FILE = YES;
				MARKETING_VERSION = 1.0;
				PRODUCT_BUNDLE_IDENTIFIER = com.sato0123.TrialButtonAnimationUITests;
				PRODUCT_NAME = "$(TARGET_NAME)";
				SWIFT_EMIT_LOC_STRINGS = NO;
				SWIFT_VERSION = 5.0;
				TARGETED_DEVICE_FAMILY = "1,2";
				TEST_TARGET_NAME = TrialButtonAnimation;
			};
			name = Debug;
		};
		92C0DA372C674971004C8966 /* Release */ = {
			isa = XCBuildConfiguration;
			buildSettings = {
				CODE_SIGN_STYLE = Automatic;
				CURRENT_PROJECT_VERSION = 1;
				DEVELOPMENT_TEAM = 4B4EJ2GHFC;
				GENERATE_INFOPLIST_FILE = YES;
				MARKETING_VERSION = 1.0;
				PRODUCT_BUNDLE_IDENTIFIER = com.sato0123.TrialButtonAnimationUITests;
				PRODUCT_NAME = "$(TARGET_NAME)";
				SWIFT_EMIT_LOC_STRINGS = NO;
				SWIFT_VERSION = 5.0;
				TARGETED_DEVICE_FAMILY = "1,2";
				TEST_TARGET_NAME = TrialButtonAnimation;
			};
			name = Release;
		};
/* End XCBuildConfiguration section */

/* Begin XCConfigurationList section */
		928FEB782BF77C01001E28E2 /* Build configuration list for PBXProject "TrialButtonAnimation" */ = {
			isa = XCConfigurationList;
			buildConfigurations = (
				928FEB9F2BF77C02001E28E2 /* Debug */,
				928FEBA02BF77C02001E28E2 /* Release */,
			);
			defaultConfigurationIsVisible = 0;
			defaultConfigurationName = Release;
		};
		928FEBA12BF77C02001E28E2 /* Build configuration list for PBXNativeTarget "TrialButtonAnimation" */ = {
			isa = XCConfigurationList;
			buildConfigurations = (
				928FEBA22BF77C02001E28E2 /* Debug */,
				928FEBA32BF77C02001E28E2 /* Release */,
			);
			defaultConfigurationIsVisible = 0;
			defaultConfigurationName = Release;
		};
		928FEBA42BF77C02001E28E2 /* Build configuration list for PBXNativeTarget "TrialButtonAnimationTests" */ = {
			isa = XCConfigurationList;
			buildConfigurations = (
				928FEBA52BF77C02001E28E2 /* Debug */,
				928FEBA62BF77C02001E28E2 /* Release */,
			);
			defaultConfigurationIsVisible = 0;
			defaultConfigurationName = Release;
		};
		92C0DA382C674971004C8966 /* Build configuration list for PBXNativeTarget "TrialButtonAnimationUITests" */ = {
			isa = XCConfigurationList;
			buildConfigurations = (
				92C0DA362C674971004C8966 /* Debug */,
				92C0DA372C674971004C8966 /* Release */,
			);
			defaultConfigurationIsVisible = 0;
			defaultConfigurationName = Release;
		};
/* End XCConfigurationList section */
	};
	rootObject = 928FEB752BF77C01001E28E2 /* Project object */;
}
